
Microsoft Visual Studio Solution File, Format Version 12.00
# Visual Studio Version 16
VisualStudioVersion = 16.0.29102.190
MinimumVisualStudioVersion = 10.0.40219.1
Project("{9A19103F-16F7-4668-BE54-9A1E7A4F7556}") = "TSSArt.StateMachine", "TSSArt.StateMachine\TSSArt.StateMachine.csproj", "{9DD33A4B-D457-49A4-8C19-235453921E99}"
EndProject
Project("{9A19103F-16F7-4668-BE54-9A1E7A4F7556}") = "TSSArt.StateMachine.Test", "TSSArt.StateMachine.Test\TSSArt.StateMachine.Test.csproj", "{2772EBE0-72B0-403B-8DF5-FFDDD72127BC}"
EndProject
Project("{9A19103F-16F7-4668-BE54-9A1E7A4F7556}") = "TSSArt.StateMachine.EcmaScript", "TSSArt.StateMachine.EcmaScript\TSSArt.StateMachine.EcmaScript.csproj", "{74755C6B-243E-4313-BAB8-2E69D89DB11B}"
EndProject
Project("{9A19103F-16F7-4668-BE54-9A1E7A4F7556}") = "TSSArt.StateMachine.HttpClientService", "TSSArt.StateMachine.HttpClientService\TSSArt.StateMachine.HttpClientService.csproj", "{D20D660B-0368-40F5-9D2C-27B2AF1111F1}"
EndProject
Project("{9A19103F-16F7-4668-BE54-9A1E7A4F7556}") = "TSSArt.StateMachine.SmtpClientService", "TSSArt.StateMachine.SmtpClientService\TSSArt.StateMachine.SmtpClientService.csproj", "{E04CDF05-EE75-406F-B20A-D44CD008F5FC}"
EndProject
Project("{9A19103F-16F7-4668-BE54-9A1E7A4F7556}") = "TSSArt.StateMachine.WebBrowserService", "TSSArt.StateMachine.WebBrowserService\TSSArt.StateMachine.WebBrowserService.csproj", "{0F518AF7-AEF8-491B-990B-EAF02A30C3F1}"
EndProject
Project("{9A19103F-16F7-4668-BE54-9A1E7A4F7556}") = "TSSArt.StateMachine.Core.Host", "TSSArt.StateMachine.Core.Host\TSSArt.StateMachine.Core.Host.csproj", "{EB4835B9-C461-4116-93E9-F04AC4C1E50C}"
EndProject
Project("{9A19103F-16F7-4668-BE54-9A1E7A4F7556}") = "TSSArt.StateMachine.WebBrowserService.CefSharp", "TSSArt.StateMachine.WebBrowserService.CefSharp\TSSArt.StateMachine.WebBrowserService.CefSharp.csproj", "{7C9091CA-23ED-40CC-932F-457C65183225}"
EndProject
Project("{9A19103F-16F7-4668-BE54-9A1E7A4F7556}") = "TSSArt.StateMachine.HttpEventProcessor", "TSSArt.StateMachine.HttpEventProcessor\TSSArt.StateMachine.HttpEventProcessor.csproj", "{37FE1167-45D2-4271-8220-70A324FE8F15}"
EndProject
Project("{2150E333-8FDC-42A3-9474-1A3956D46DE8}") = "Services", "Services", "{8747DC9D-B873-4100-A0B6-6C9896C8AFB7}"
EndProject
Project("{2150E333-8FDC-42A3-9474-1A3956D46DE8}") = "Tests", "Tests", "{8C4F1FDA-8229-42AA-AE50-C0C2283B7864}"
EndProject
Project("{2150E333-8FDC-42A3-9474-1A3956D46DE8}") = "DataModels", "DataModels", "{ADD222EE-F50B-40E7-8E64-47D64CBFA5CF}"
EndProject
Project("{2150E333-8FDC-42A3-9474-1A3956D46DE8}") = "EventProcessors", "EventProcessors", "{1104C194-66D1-49CC-BFB3-E005C9B93A33}"
EndProject
Project("{2150E333-8FDC-42A3-9474-1A3956D46DE8}") = "Core", "Core", "{7AD15206-BB14-4639-B070-D38FA8108559}"
EndProject
Project("{2150E333-8FDC-42A3-9474-1A3956D46DE8}") = "Hosting", "Hosting", "{2B858C3C-2BA8-44E5-9F67-ED5A7DF48B05}"
EndProject
Project("{2150E333-8FDC-42A3-9474-1A3956D46DE8}") = "CustomActions", "CustomActions", "{9E1498C6-C717-4A03-B7F8-144B8D3B3493}"
EndProject
Project("{9A19103F-16F7-4668-BE54-9A1E7A4F7556}") = "TSSArt.StateMachine.BasicCustomAction", "TSSArt.StateMachine.BasicCustomAction\TSSArt.StateMachine.BasicCustomAction.csproj", "{948945CC-6C17-4DE4-8E23-C438DECF84F2}"
EndProject
Project("{9A19103F-16F7-4668-BE54-9A1E7A4F7556}") = "TSSArt.StateMachine.IntegrationTest", "TSSArt.StateMachine.IntegrationTest\TSSArt.StateMachine.IntegrationTest.csproj", "{2744574E-1C35-4E1A-A48B-70BCCF720AB6}"
EndProject
Project("{9A19103F-16F7-4668-BE54-9A1E7A4F7556}") = "TSSArt.StateMachine.MimeCustomAction", "TSSArt.StateMachine.MimeCustomAction\TSSArt.StateMachine.MimeCustomAction.csproj", "{E275ACC7-0511-4012-AB93-B1471EECEEB9}"
EndProject
Project("{9A19103F-16F7-4668-BE54-9A1E7A4F7556}") = "TSSArt.StateMachine.MidCustomAction", "TSSArt.StateMachine.MidCustomAction\TSSArt.StateMachine.MidCustomAction.csproj", "{6875CF90-BB79-444B-8CA3-9A043754D5AB}"
EndProject
Project("{9A19103F-16F7-4668-BE54-9A1E7A4F7556}") = "TSSArt.StateMachine.UserInteractionService", "TSSArt.StateMachine.UserInteractionService\TSSArt.StateMachine.UserInteractionService.csproj", "{0D4C3780-4E1D-4E00-9445-7AA7594C1831}"
EndProject
Global
	GlobalSection(SolutionConfigurationPlatforms) = preSolution
		Debug|Any CPU = Debug|Any CPU
		Debug|ARM = Debug|ARM
		Debug|x64 = Debug|x64
		Debug|x86 = Debug|x86
		Release|Any CPU = Release|Any CPU
		Release|ARM = Release|ARM
		Release|x64 = Release|x64
		Release|x86 = Release|x86
	EndGlobalSection
	GlobalSection(ProjectConfigurationPlatforms) = postSolution
		{9DD33A4B-D457-49A4-8C19-235453921E99}.Debug|Any CPU.ActiveCfg = Debug|Any CPU
		{9DD33A4B-D457-49A4-8C19-235453921E99}.Debug|Any CPU.Build.0 = Debug|Any CPU
		{9DD33A4B-D457-49A4-8C19-235453921E99}.Debug|ARM.ActiveCfg = Debug|Any CPU
		{9DD33A4B-D457-49A4-8C19-235453921E99}.Debug|ARM.Build.0 = Debug|Any CPU
		{9DD33A4B-D457-49A4-8C19-235453921E99}.Debug|x64.ActiveCfg = Debug|Any CPU
		{9DD33A4B-D457-49A4-8C19-235453921E99}.Debug|x64.Build.0 = Debug|Any CPU
		{9DD33A4B-D457-49A4-8C19-235453921E99}.Debug|x86.ActiveCfg = Debug|Any CPU
		{9DD33A4B-D457-49A4-8C19-235453921E99}.Debug|x86.Build.0 = Debug|Any CPU
		{9DD33A4B-D457-49A4-8C19-235453921E99}.Release|Any CPU.ActiveCfg = Release|Any CPU
		{9DD33A4B-D457-49A4-8C19-235453921E99}.Release|Any CPU.Build.0 = Release|Any CPU
		{9DD33A4B-D457-49A4-8C19-235453921E99}.Release|ARM.ActiveCfg = Release|Any CPU
		{9DD33A4B-D457-49A4-8C19-235453921E99}.Release|ARM.Build.0 = Release|Any CPU
		{9DD33A4B-D457-49A4-8C19-235453921E99}.Release|x64.ActiveCfg = Release|Any CPU
		{9DD33A4B-D457-49A4-8C19-235453921E99}.Release|x64.Build.0 = Release|Any CPU
		{9DD33A4B-D457-49A4-8C19-235453921E99}.Release|x86.ActiveCfg = Release|Any CPU
		{9DD33A4B-D457-49A4-8C19-235453921E99}.Release|x86.Build.0 = Release|Any CPU
		{2772EBE0-72B0-403B-8DF5-FFDDD72127BC}.Debug|Any CPU.ActiveCfg = Debug|Any CPU
		{2772EBE0-72B0-403B-8DF5-FFDDD72127BC}.Debug|Any CPU.Build.0 = Debug|Any CPU
		{2772EBE0-72B0-403B-8DF5-FFDDD72127BC}.Debug|ARM.ActiveCfg = Debug|Any CPU
		{2772EBE0-72B0-403B-8DF5-FFDDD72127BC}.Debug|ARM.Build.0 = Debug|Any CPU
		{2772EBE0-72B0-403B-8DF5-FFDDD72127BC}.Debug|x64.ActiveCfg = Debug|Any CPU
		{2772EBE0-72B0-403B-8DF5-FFDDD72127BC}.Debug|x64.Build.0 = Debug|Any CPU
		{2772EBE0-72B0-403B-8DF5-FFDDD72127BC}.Debug|x86.ActiveCfg = Debug|Any CPU
		{2772EBE0-72B0-403B-8DF5-FFDDD72127BC}.Debug|x86.Build.0 = Debug|Any CPU
		{2772EBE0-72B0-403B-8DF5-FFDDD72127BC}.Release|Any CPU.ActiveCfg = Release|Any CPU
		{2772EBE0-72B0-403B-8DF5-FFDDD72127BC}.Release|Any CPU.Build.0 = Release|Any CPU
		{2772EBE0-72B0-403B-8DF5-FFDDD72127BC}.Release|ARM.ActiveCfg = Release|Any CPU
		{2772EBE0-72B0-403B-8DF5-FFDDD72127BC}.Release|ARM.Build.0 = Release|Any CPU
		{2772EBE0-72B0-403B-8DF5-FFDDD72127BC}.Release|x64.ActiveCfg = Release|Any CPU
		{2772EBE0-72B0-403B-8DF5-FFDDD72127BC}.Release|x64.Build.0 = Release|Any CPU
		{2772EBE0-72B0-403B-8DF5-FFDDD72127BC}.Release|x86.ActiveCfg = Release|Any CPU
		{2772EBE0-72B0-403B-8DF5-FFDDD72127BC}.Release|x86.Build.0 = Release|Any CPU
		{74755C6B-243E-4313-BAB8-2E69D89DB11B}.Debug|Any CPU.ActiveCfg = Debug|Any CPU
		{74755C6B-243E-4313-BAB8-2E69D89DB11B}.Debug|Any CPU.Build.0 = Debug|Any CPU
		{74755C6B-243E-4313-BAB8-2E69D89DB11B}.Debug|ARM.ActiveCfg = Debug|Any CPU
		{74755C6B-243E-4313-BAB8-2E69D89DB11B}.Debug|ARM.Build.0 = Debug|Any CPU
		{74755C6B-243E-4313-BAB8-2E69D89DB11B}.Debug|x64.ActiveCfg = Debug|Any CPU
		{74755C6B-243E-4313-BAB8-2E69D89DB11B}.Debug|x64.Build.0 = Debug|Any CPU
		{74755C6B-243E-4313-BAB8-2E69D89DB11B}.Debug|x86.ActiveCfg = Debug|Any CPU
		{74755C6B-243E-4313-BAB8-2E69D89DB11B}.Debug|x86.Build.0 = Debug|Any CPU
		{74755C6B-243E-4313-BAB8-2E69D89DB11B}.Release|Any CPU.ActiveCfg = Release|Any CPU
		{74755C6B-243E-4313-BAB8-2E69D89DB11B}.Release|Any CPU.Build.0 = Release|Any CPU
		{74755C6B-243E-4313-BAB8-2E69D89DB11B}.Release|ARM.ActiveCfg = Release|Any CPU
		{74755C6B-243E-4313-BAB8-2E69D89DB11B}.Release|ARM.Build.0 = Release|Any CPU
		{74755C6B-243E-4313-BAB8-2E69D89DB11B}.Release|x64.ActiveCfg = Release|Any CPU
		{74755C6B-243E-4313-BAB8-2E69D89DB11B}.Release|x64.Build.0 = Release|Any CPU
		{74755C6B-243E-4313-BAB8-2E69D89DB11B}.Release|x86.ActiveCfg = Release|Any CPU
		{74755C6B-243E-4313-BAB8-2E69D89DB11B}.Release|x86.Build.0 = Release|Any CPU
		{D20D660B-0368-40F5-9D2C-27B2AF1111F1}.Debug|Any CPU.ActiveCfg = Debug|Any CPU
		{D20D660B-0368-40F5-9D2C-27B2AF1111F1}.Debug|Any CPU.Build.0 = Debug|Any CPU
		{D20D660B-0368-40F5-9D2C-27B2AF1111F1}.Debug|ARM.ActiveCfg = Debug|Any CPU
		{D20D660B-0368-40F5-9D2C-27B2AF1111F1}.Debug|ARM.Build.0 = Debug|Any CPU
		{D20D660B-0368-40F5-9D2C-27B2AF1111F1}.Debug|x64.ActiveCfg = Debug|Any CPU
		{D20D660B-0368-40F5-9D2C-27B2AF1111F1}.Debug|x64.Build.0 = Debug|Any CPU
		{D20D660B-0368-40F5-9D2C-27B2AF1111F1}.Debug|x86.ActiveCfg = Debug|Any CPU
		{D20D660B-0368-40F5-9D2C-27B2AF1111F1}.Debug|x86.Build.0 = Debug|Any CPU
		{D20D660B-0368-40F5-9D2C-27B2AF1111F1}.Release|Any CPU.ActiveCfg = Release|Any CPU
		{D20D660B-0368-40F5-9D2C-27B2AF1111F1}.Release|Any CPU.Build.0 = Release|Any CPU
		{D20D660B-0368-40F5-9D2C-27B2AF1111F1}.Release|ARM.ActiveCfg = Release|Any CPU
		{D20D660B-0368-40F5-9D2C-27B2AF1111F1}.Release|ARM.Build.0 = Release|Any CPU
		{D20D660B-0368-40F5-9D2C-27B2AF1111F1}.Release|x64.ActiveCfg = Release|Any CPU
		{D20D660B-0368-40F5-9D2C-27B2AF1111F1}.Release|x64.Build.0 = Release|Any CPU
		{D20D660B-0368-40F5-9D2C-27B2AF1111F1}.Release|x86.ActiveCfg = Release|Any CPU
		{D20D660B-0368-40F5-9D2C-27B2AF1111F1}.Release|x86.Build.0 = Release|Any CPU
		{E04CDF05-EE75-406F-B20A-D44CD008F5FC}.Debug|Any CPU.ActiveCfg = Debug|Any CPU
		{E04CDF05-EE75-406F-B20A-D44CD008F5FC}.Debug|Any CPU.Build.0 = Debug|Any CPU
		{E04CDF05-EE75-406F-B20A-D44CD008F5FC}.Debug|ARM.ActiveCfg = Debug|Any CPU
		{E04CDF05-EE75-406F-B20A-D44CD008F5FC}.Debug|ARM.Build.0 = Debug|Any CPU
		{E04CDF05-EE75-406F-B20A-D44CD008F5FC}.Debug|x64.ActiveCfg = Debug|Any CPU
		{E04CDF05-EE75-406F-B20A-D44CD008F5FC}.Debug|x64.Build.0 = Debug|Any CPU
		{E04CDF05-EE75-406F-B20A-D44CD008F5FC}.Debug|x86.ActiveCfg = Debug|Any CPU
		{E04CDF05-EE75-406F-B20A-D44CD008F5FC}.Debug|x86.Build.0 = Debug|Any CPU
		{E04CDF05-EE75-406F-B20A-D44CD008F5FC}.Release|Any CPU.ActiveCfg = Release|Any CPU
		{E04CDF05-EE75-406F-B20A-D44CD008F5FC}.Release|Any CPU.Build.0 = Release|Any CPU
		{E04CDF05-EE75-406F-B20A-D44CD008F5FC}.Release|ARM.ActiveCfg = Release|Any CPU
		{E04CDF05-EE75-406F-B20A-D44CD008F5FC}.Release|ARM.Build.0 = Release|Any CPU
		{E04CDF05-EE75-406F-B20A-D44CD008F5FC}.Release|x64.ActiveCfg = Release|Any CPU
		{E04CDF05-EE75-406F-B20A-D44CD008F5FC}.Release|x64.Build.0 = Release|Any CPU
		{E04CDF05-EE75-406F-B20A-D44CD008F5FC}.Release|x86.ActiveCfg = Release|Any CPU
		{E04CDF05-EE75-406F-B20A-D44CD008F5FC}.Release|x86.Build.0 = Release|Any CPU
		{0F518AF7-AEF8-491B-990B-EAF02A30C3F1}.Debug|Any CPU.ActiveCfg = Debug|Any CPU
		{0F518AF7-AEF8-491B-990B-EAF02A30C3F1}.Debug|Any CPU.Build.0 = Debug|Any CPU
		{0F518AF7-AEF8-491B-990B-EAF02A30C3F1}.Debug|ARM.ActiveCfg = Debug|Any CPU
		{0F518AF7-AEF8-491B-990B-EAF02A30C3F1}.Debug|ARM.Build.0 = Debug|Any CPU
		{0F518AF7-AEF8-491B-990B-EAF02A30C3F1}.Debug|x64.ActiveCfg = Debug|Any CPU
		{0F518AF7-AEF8-491B-990B-EAF02A30C3F1}.Debug|x64.Build.0 = Debug|Any CPU
		{0F518AF7-AEF8-491B-990B-EAF02A30C3F1}.Debug|x86.ActiveCfg = Debug|Any CPU
		{0F518AF7-AEF8-491B-990B-EAF02A30C3F1}.Debug|x86.Build.0 = Debug|Any CPU
		{0F518AF7-AEF8-491B-990B-EAF02A30C3F1}.Release|Any CPU.ActiveCfg = Release|Any CPU
		{0F518AF7-AEF8-491B-990B-EAF02A30C3F1}.Release|Any CPU.Build.0 = Release|Any CPU
		{0F518AF7-AEF8-491B-990B-EAF02A30C3F1}.Release|ARM.ActiveCfg = Release|Any CPU
		{0F518AF7-AEF8-491B-990B-EAF02A30C3F1}.Release|ARM.Build.0 = Release|Any CPU
		{0F518AF7-AEF8-491B-990B-EAF02A30C3F1}.Release|x64.ActiveCfg = Release|Any CPU
		{0F518AF7-AEF8-491B-990B-EAF02A30C3F1}.Release|x64.Build.0 = Release|Any CPU
		{0F518AF7-AEF8-491B-990B-EAF02A30C3F1}.Release|x86.ActiveCfg = Release|Any CPU
		{0F518AF7-AEF8-491B-990B-EAF02A30C3F1}.Release|x86.Build.0 = Release|Any CPU
		{EB4835B9-C461-4116-93E9-F04AC4C1E50C}.Debug|Any CPU.ActiveCfg = Debug|x86
		{EB4835B9-C461-4116-93E9-F04AC4C1E50C}.Debug|Any CPU.Build.0 = Debug|x86
		{EB4835B9-C461-4116-93E9-F04AC4C1E50C}.Debug|ARM.ActiveCfg = Debug|x86
		{EB4835B9-C461-4116-93E9-F04AC4C1E50C}.Debug|x64.ActiveCfg = Debug|x64
		{EB4835B9-C461-4116-93E9-F04AC4C1E50C}.Debug|x64.Build.0 = Debug|x64
		{EB4835B9-C461-4116-93E9-F04AC4C1E50C}.Debug|x86.ActiveCfg = Debug|x86
		{EB4835B9-C461-4116-93E9-F04AC4C1E50C}.Debug|x86.Build.0 = Debug|x86
		{EB4835B9-C461-4116-93E9-F04AC4C1E50C}.Release|Any CPU.ActiveCfg = Release|x86
		{EB4835B9-C461-4116-93E9-F04AC4C1E50C}.Release|Any CPU.Build.0 = Release|x86
		{EB4835B9-C461-4116-93E9-F04AC4C1E50C}.Release|ARM.ActiveCfg = Release|x86
		{EB4835B9-C461-4116-93E9-F04AC4C1E50C}.Release|x64.ActiveCfg = Release|x64
		{EB4835B9-C461-4116-93E9-F04AC4C1E50C}.Release|x64.Build.0 = Release|x64
		{EB4835B9-C461-4116-93E9-F04AC4C1E50C}.Release|x86.ActiveCfg = Release|x86
		{EB4835B9-C461-4116-93E9-F04AC4C1E50C}.Release|x86.Build.0 = Release|x86
		{7C9091CA-23ED-40CC-932F-457C65183225}.Debug|Any CPU.ActiveCfg = Debug|x86
		{7C9091CA-23ED-40CC-932F-457C65183225}.Debug|Any CPU.Build.0 = Debug|x86
		{7C9091CA-23ED-40CC-932F-457C65183225}.Debug|ARM.ActiveCfg = Debug|x86
		{7C9091CA-23ED-40CC-932F-457C65183225}.Debug|x64.ActiveCfg = Debug|x64
		{7C9091CA-23ED-40CC-932F-457C65183225}.Debug|x64.Build.0 = Debug|x64
		{7C9091CA-23ED-40CC-932F-457C65183225}.Debug|x86.ActiveCfg = Debug|x86
		{7C9091CA-23ED-40CC-932F-457C65183225}.Debug|x86.Build.0 = Debug|x86
		{7C9091CA-23ED-40CC-932F-457C65183225}.Release|Any CPU.ActiveCfg = Release|x86
		{7C9091CA-23ED-40CC-932F-457C65183225}.Release|Any CPU.Build.0 = Release|x86
		{7C9091CA-23ED-40CC-932F-457C65183225}.Release|ARM.ActiveCfg = Release|x86
		{7C9091CA-23ED-40CC-932F-457C65183225}.Release|x64.ActiveCfg = Release|x64
		{7C9091CA-23ED-40CC-932F-457C65183225}.Release|x64.Build.0 = Release|x64
		{7C9091CA-23ED-40CC-932F-457C65183225}.Release|x86.ActiveCfg = Release|x86
		{7C9091CA-23ED-40CC-932F-457C65183225}.Release|x86.Build.0 = Release|x86
		{37FE1167-45D2-4271-8220-70A324FE8F15}.Debug|Any CPU.ActiveCfg = Debug|Any CPU
		{37FE1167-45D2-4271-8220-70A324FE8F15}.Debug|Any CPU.Build.0 = Debug|Any CPU
		{37FE1167-45D2-4271-8220-70A324FE8F15}.Debug|ARM.ActiveCfg = Debug|Any CPU
		{37FE1167-45D2-4271-8220-70A324FE8F15}.Debug|ARM.Build.0 = Debug|Any CPU
		{37FE1167-45D2-4271-8220-70A324FE8F15}.Debug|x64.ActiveCfg = Debug|Any CPU
		{37FE1167-45D2-4271-8220-70A324FE8F15}.Debug|x64.Build.0 = Debug|Any CPU
		{37FE1167-45D2-4271-8220-70A324FE8F15}.Debug|x86.ActiveCfg = Debug|Any CPU
		{37FE1167-45D2-4271-8220-70A324FE8F15}.Debug|x86.Build.0 = Debug|Any CPU
		{37FE1167-45D2-4271-8220-70A324FE8F15}.Release|Any CPU.ActiveCfg = Release|Any CPU
		{37FE1167-45D2-4271-8220-70A324FE8F15}.Release|Any CPU.Build.0 = Release|Any CPU
		{37FE1167-45D2-4271-8220-70A324FE8F15}.Release|ARM.ActiveCfg = Release|Any CPU
		{37FE1167-45D2-4271-8220-70A324FE8F15}.Release|ARM.Build.0 = Release|Any CPU
		{37FE1167-45D2-4271-8220-70A324FE8F15}.Release|x64.ActiveCfg = Release|Any CPU
		{37FE1167-45D2-4271-8220-70A324FE8F15}.Release|x64.Build.0 = Release|Any CPU
		{37FE1167-45D2-4271-8220-70A324FE8F15}.Release|x86.ActiveCfg = Release|Any CPU
		{37FE1167-45D2-4271-8220-70A324FE8F15}.Release|x86.Build.0 = Release|Any CPU
		{948945CC-6C17-4DE4-8E23-C438DECF84F2}.Debug|Any CPU.ActiveCfg = Debug|Any CPU
		{948945CC-6C17-4DE4-8E23-C438DECF84F2}.Debug|Any CPU.Build.0 = Debug|Any CPU
		{948945CC-6C17-4DE4-8E23-C438DECF84F2}.Debug|ARM.ActiveCfg = Debug|Any CPU
		{948945CC-6C17-4DE4-8E23-C438DECF84F2}.Debug|ARM.Build.0 = Debug|Any CPU
		{948945CC-6C17-4DE4-8E23-C438DECF84F2}.Debug|x64.ActiveCfg = Debug|Any CPU
		{948945CC-6C17-4DE4-8E23-C438DECF84F2}.Debug|x64.Build.0 = Debug|Any CPU
		{948945CC-6C17-4DE4-8E23-C438DECF84F2}.Debug|x86.ActiveCfg = Debug|Any CPU
		{948945CC-6C17-4DE4-8E23-C438DECF84F2}.Debug|x86.Build.0 = Debug|Any CPU
		{948945CC-6C17-4DE4-8E23-C438DECF84F2}.Release|Any CPU.ActiveCfg = Release|Any CPU
		{948945CC-6C17-4DE4-8E23-C438DECF84F2}.Release|Any CPU.Build.0 = Release|Any CPU
		{948945CC-6C17-4DE4-8E23-C438DECF84F2}.Release|ARM.ActiveCfg = Release|Any CPU
		{948945CC-6C17-4DE4-8E23-C438DECF84F2}.Release|ARM.Build.0 = Release|Any CPU
		{948945CC-6C17-4DE4-8E23-C438DECF84F2}.Release|x64.ActiveCfg = Release|Any CPU
		{948945CC-6C17-4DE4-8E23-C438DECF84F2}.Release|x64.Build.0 = Release|Any CPU
		{948945CC-6C17-4DE4-8E23-C438DECF84F2}.Release|x86.ActiveCfg = Release|Any CPU
		{948945CC-6C17-4DE4-8E23-C438DECF84F2}.Release|x86.Build.0 = Release|Any CPU
		{2744574E-1C35-4E1A-A48B-70BCCF720AB6}.Debug|Any CPU.ActiveCfg = Debug|Any CPU
		{2744574E-1C35-4E1A-A48B-70BCCF720AB6}.Debug|Any CPU.Build.0 = Debug|Any CPU
		{2744574E-1C35-4E1A-A48B-70BCCF720AB6}.Debug|ARM.ActiveCfg = Debug|Any CPU
		{2744574E-1C35-4E1A-A48B-70BCCF720AB6}.Debug|ARM.Build.0 = Debug|Any CPU
		{2744574E-1C35-4E1A-A48B-70BCCF720AB6}.Debug|x64.ActiveCfg = Debug|Any CPU
		{2744574E-1C35-4E1A-A48B-70BCCF720AB6}.Debug|x64.Build.0 = Debug|Any CPU
		{2744574E-1C35-4E1A-A48B-70BCCF720AB6}.Debug|x86.ActiveCfg = Debug|Any CPU
		{2744574E-1C35-4E1A-A48B-70BCCF720AB6}.Debug|x86.Build.0 = Debug|Any CPU
		{2744574E-1C35-4E1A-A48B-70BCCF720AB6}.Release|Any CPU.ActiveCfg = Release|Any CPU
		{2744574E-1C35-4E1A-A48B-70BCCF720AB6}.Release|Any CPU.Build.0 = Release|Any CPU
		{2744574E-1C35-4E1A-A48B-70BCCF720AB6}.Release|ARM.ActiveCfg = Release|Any CPU
		{2744574E-1C35-4E1A-A48B-70BCCF720AB6}.Release|ARM.Build.0 = Release|Any CPU
		{2744574E-1C35-4E1A-A48B-70BCCF720AB6}.Release|x64.ActiveCfg = Release|Any CPU
		{2744574E-1C35-4E1A-A48B-70BCCF720AB6}.Release|x64.Build.0 = Release|Any CPU
		{2744574E-1C35-4E1A-A48B-70BCCF720AB6}.Release|x86.ActiveCfg = Release|Any CPU
		{2744574E-1C35-4E1A-A48B-70BCCF720AB6}.Release|x86.Build.0 = Release|Any CPU
		{E275ACC7-0511-4012-AB93-B1471EECEEB9}.Debug|Any CPU.ActiveCfg = Debug|Any CPU
		{E275ACC7-0511-4012-AB93-B1471EECEEB9}.Debug|Any CPU.Build.0 = Debug|Any CPU
		{E275ACC7-0511-4012-AB93-B1471EECEEB9}.Debug|ARM.ActiveCfg = Debug|Any CPU
		{E275ACC7-0511-4012-AB93-B1471EECEEB9}.Debug|ARM.Build.0 = Debug|Any CPU
		{E275ACC7-0511-4012-AB93-B1471EECEEB9}.Debug|x64.ActiveCfg = Debug|Any CPU
		{E275ACC7-0511-4012-AB93-B1471EECEEB9}.Debug|x64.Build.0 = Debug|Any CPU
		{E275ACC7-0511-4012-AB93-B1471EECEEB9}.Debug|x86.ActiveCfg = Debug|Any CPU
		{E275ACC7-0511-4012-AB93-B1471EECEEB9}.Debug|x86.Build.0 = Debug|Any CPU
		{E275ACC7-0511-4012-AB93-B1471EECEEB9}.Release|Any CPU.ActiveCfg = Release|Any CPU
		{E275ACC7-0511-4012-AB93-B1471EECEEB9}.Release|Any CPU.Build.0 = Release|Any CPU
		{E275ACC7-0511-4012-AB93-B1471EECEEB9}.Release|ARM.ActiveCfg = Release|Any CPU
		{E275ACC7-0511-4012-AB93-B1471EECEEB9}.Release|ARM.Build.0 = Release|Any CPU
		{E275ACC7-0511-4012-AB93-B1471EECEEB9}.Release|x64.ActiveCfg = Release|Any CPU
		{E275ACC7-0511-4012-AB93-B1471EECEEB9}.Release|x64.Build.0 = Release|Any CPU
		{E275ACC7-0511-4012-AB93-B1471EECEEB9}.Release|x86.ActiveCfg = Release|Any CPU
		{E275ACC7-0511-4012-AB93-B1471EECEEB9}.Release|x86.Build.0 = Release|Any CPU
		{6875CF90-BB79-444B-8CA3-9A043754D5AB}.Debug|Any CPU.ActiveCfg = Debug|Any CPU
		{6875CF90-BB79-444B-8CA3-9A043754D5AB}.Debug|Any CPU.Build.0 = Debug|Any CPU
		{6875CF90-BB79-444B-8CA3-9A043754D5AB}.Debug|ARM.ActiveCfg = Debug|Any CPU
		{6875CF90-BB79-444B-8CA3-9A043754D5AB}.Debug|ARM.Build.0 = Debug|Any CPU
		{6875CF90-BB79-444B-8CA3-9A043754D5AB}.Debug|x64.ActiveCfg = Debug|Any CPU
		{6875CF90-BB79-444B-8CA3-9A043754D5AB}.Debug|x64.Build.0 = Debug|Any CPU
		{6875CF90-BB79-444B-8CA3-9A043754D5AB}.Debug|x86.ActiveCfg = Debug|Any CPU
		{6875CF90-BB79-444B-8CA3-9A043754D5AB}.Debug|x86.Build.0 = Debug|Any CPU
		{6875CF90-BB79-444B-8CA3-9A043754D5AB}.Release|Any CPU.ActiveCfg = Release|Any CPU
		{6875CF90-BB79-444B-8CA3-9A043754D5AB}.Release|Any CPU.Build.0 = Release|Any CPU
		{6875CF90-BB79-444B-8CA3-9A043754D5AB}.Release|ARM.ActiveCfg = Release|Any CPU
		{6875CF90-BB79-444B-8CA3-9A043754D5AB}.Release|ARM.Build.0 = Release|Any CPU
		{6875CF90-BB79-444B-8CA3-9A043754D5AB}.Release|x64.ActiveCfg = Release|Any CPU
		{6875CF90-BB79-444B-8CA3-9A043754D5AB}.Release|x64.Build.0 = Release|Any CPU
		{6875CF90-BB79-444B-8CA3-9A043754D5AB}.Release|x86.ActiveCfg = Release|Any CPU
		{6875CF90-BB79-444B-8CA3-9A043754D5AB}.Release|x86.Build.0 = Release|Any CPU
		{0D4C3780-4E1D-4E00-9445-7AA7594C1831}.Debug|Any CPU.ActiveCfg = Debug|Any CPU
		{0D4C3780-4E1D-4E00-9445-7AA7594C1831}.Debug|Any CPU.Build.0 = Debug|Any CPU
		{0D4C3780-4E1D-4E00-9445-7AA7594C1831}.Debug|ARM.ActiveCfg = Debug|Any CPU
		{0D4C3780-4E1D-4E00-9445-7AA7594C1831}.Debug|ARM.Build.0 = Debug|Any CPU
		{0D4C3780-4E1D-4E00-9445-7AA7594C1831}.Debug|x64.ActiveCfg = Debug|Any CPU
		{0D4C3780-4E1D-4E00-9445-7AA7594C1831}.Debug|x64.Build.0 = Debug|Any CPU
		{0D4C3780-4E1D-4E00-9445-7AA7594C1831}.Debug|x86.ActiveCfg = Debug|Any CPU
		{0D4C3780-4E1D-4E00-9445-7AA7594C1831}.Debug|x86.Build.0 = Debug|Any CPU
		{0D4C3780-4E1D-4E00-9445-7AA7594C1831}.Release|Any CPU.ActiveCfg = Release|Any CPU
		{0D4C3780-4E1D-4E00-9445-7AA7594C1831}.Release|Any CPU.Build.0 = Release|Any CPU
		{0D4C3780-4E1D-4E00-9445-7AA7594C1831}.Release|ARM.ActiveCfg = Release|Any CPU
		{0D4C3780-4E1D-4E00-9445-7AA7594C1831}.Release|ARM.Build.0 = Release|Any CPU
		{0D4C3780-4E1D-4E00-9445-7AA7594C1831}.Release|x64.ActiveCfg = Release|Any CPU
		{0D4C3780-4E1D-4E00-9445-7AA7594C1831}.Release|x64.Build.0 = Release|Any CPU
		{0D4C3780-4E1D-4E00-9445-7AA7594C1831}.Release|x86.ActiveCfg = Release|Any CPU
		{0D4C3780-4E1D-4E00-9445-7AA7594C1831}.Release|x86.Build.0 = Release|Any CPU
	EndGlobalSection
	GlobalSection(SolutionProperties) = preSolution
		HideSolutionNode = FALSE
	EndGlobalSection
	GlobalSection(NestedProjects) = preSolution
		{9DD33A4B-D457-49A4-8C19-235453921E99} = {7AD15206-BB14-4639-B070-D38FA8108559}
		{2772EBE0-72B0-403B-8DF5-FFDDD72127BC} = {8C4F1FDA-8229-42AA-AE50-C0C2283B7864}
		{74755C6B-243E-4313-BAB8-2E69D89DB11B} = {ADD222EE-F50B-40E7-8E64-47D64CBFA5CF}
		{D20D660B-0368-40F5-9D2C-27B2AF1111F1} = {8747DC9D-B873-4100-A0B6-6C9896C8AFB7}
		{E04CDF05-EE75-406F-B20A-D44CD008F5FC} = {8747DC9D-B873-4100-A0B6-6C9896C8AFB7}
		{0F518AF7-AEF8-491B-990B-EAF02A30C3F1} = {8747DC9D-B873-4100-A0B6-6C9896C8AFB7}
		{EB4835B9-C461-4116-93E9-F04AC4C1E50C} = {2B858C3C-2BA8-44E5-9F67-ED5A7DF48B05}
		{7C9091CA-23ED-40CC-932F-457C65183225} = {8747DC9D-B873-4100-A0B6-6C9896C8AFB7}
		{37FE1167-45D2-4271-8220-70A324FE8F15} = {1104C194-66D1-49CC-BFB3-E005C9B93A33}
		{948945CC-6C17-4DE4-8E23-C438DECF84F2} = {9E1498C6-C717-4A03-B7F8-144B8D3B3493}
		{2744574E-1C35-4E1A-A48B-70BCCF720AB6} = {8C4F1FDA-8229-42AA-AE50-C0C2283B7864}
		{E275ACC7-0511-4012-AB93-B1471EECEEB9} = {9E1498C6-C717-4A03-B7F8-144B8D3B3493}
		{6875CF90-BB79-444B-8CA3-9A043754D5AB} = {9E1498C6-C717-4A03-B7F8-144B8D3B3493}
		{0D4C3780-4E1D-4E00-9445-7AA7594C1831} = {8747DC9D-B873-4100-A0B6-6C9896C8AFB7}
	EndGlobalSection
	GlobalSection(ExtensibilityGlobals) = postSolution
		SolutionGuid = {8CAE209F-3ECE-47F4-9358-C4E176031AD0}
	EndGlobalSection
EndGlobal
