
Microsoft Visual Studio Solution File, Format Version 12.00
# Visual Studio Version 16
VisualStudioVersion = 16.0.30104.148
MinimumVisualStudioVersion = 10.0.40219.1
Project("{9A19103F-16F7-4668-BE54-9A1E7A4F7556}") = "Xtate.Core", "src\Xtate.Core\src\Xtate.Core\Xtate.Core.csproj", "{13882757-52E3-42ED-BBA6-ABC43C1AA6F3}"
EndProject
Project("{9A19103F-16F7-4668-BE54-9A1E7A4F7556}") = "Xtate.Core.Test", "src\Xtate.Core\test\Xtate.Core.Test\Xtate.Core.Test.csproj", "{F0F7BDFA-541D-4A7F-ACB8-79DBFBC3AE9B}"
EndProject
Project("{2150E333-8FDC-42A3-9474-1A3956D46DE8}") = "test", "test", "{F5850592-3562-4736-8CC9-0C18D62FA610}"
EndProject
Project("{9A19103F-16F7-4668-BE54-9A1E7A4F7556}") = "Xtate.DataModel.EcmaScript", "src\Xtate.DataModel.EcmaScript\src\Xtate.DataModel.EcmaScript\Xtate.DataModel.EcmaScript.csproj", "{B17D1427-2469-487D-832F-A7AB6E527EF7}"
EndProject
Project("{9A19103F-16F7-4668-BE54-9A1E7A4F7556}") = "Xtate.DataModel.EcmaScript.Test", "src\Xtate.DataModel.EcmaScript\test\Xtate.DataModel.EcmaScript.Test\Xtate.DataModel.EcmaScript.Test.csproj", "{9BBBC2AA-CA84-497F-A8CF-F5F0F91A219F}"
EndProject
Project("{9A19103F-16F7-4668-BE54-9A1E7A4F7556}") = "Xtate.Logger.Serilog", "src\Xtate.Logger.Serilog\src\Xtate.Logger.Serilog\Xtate.Logger.Serilog.csproj", "{B28DA6AE-A4C1-45EF-8A61-82747F412C16}"
EndProject
Project("{9A19103F-16F7-4668-BE54-9A1E7A4F7556}") = "Xtate.Logger.Serilog.Test", "src\Xtate.Logger.Serilog\test\Xtate.Logger.Serilog.Test\Xtate.Logger.Serilog.Test.csproj", "{47E0F4BF-FF36-4E6A-85B4-74654B5A2EA1}"
EndProject
Project("{2150E333-8FDC-42A3-9474-1A3956D46DE8}") = "packages", "packages", "{79C90AB0-753E-4077-884F-5469AB882745}"
EndProject
Project("{9A19103F-16F7-4668-BE54-9A1E7A4F7556}") = "Xtate.Service.HttpClient", "src\Xtate.Service.HttpClient\src\Xtate.Service.HttpClient\Xtate.Service.HttpClient.csproj", "{38569A48-8E8A-4D8F-BBC0-A6C192AC7C12}"
EndProject
Project("{9A19103F-16F7-4668-BE54-9A1E7A4F7556}") = "Xtate.Service.HttpClient.Test", "src\Xtate.Service.HttpClient\test\Xtate.Service.HttpClient.Test\Xtate.Service.HttpClient.Test.csproj", "{9A970F61-F587-4979-BCD8-7A2C0AE9A053}"
EndProject
Project("{9A19103F-16F7-4668-BE54-9A1E7A4F7556}") = "Xtate.Service.SmtpClient", "src\Xtate.Service.SmtpClient\src\Xtate.Service.SmtpClient\Xtate.Service.SmtpClient.csproj", "{66458BD8-B6BF-4B50-B1B3-4CD9186D87DE}"
EndProject
Project("{9A19103F-16F7-4668-BE54-9A1E7A4F7556}") = "Xtate.Service.SmtpClient.Test", "src\Xtate.Service.SmtpClient\test\Xtate.Service.SmtpClient.Test\Xtate.Service.SmtpClient.Test.csproj", "{7D4CD656-C9C1-4468-8648-A35B10F709B4}"
EndProject
Project("{2150E333-8FDC-42A3-9474-1A3956D46DE8}") = "src", "src", "{2D39B0EE-5826-4E10-BDEF-73BCBB3C2804}"
EndProject
Project("{9A19103F-16F7-4668-BE54-9A1E7A4F7556}") = "Xtate.IoProcessor.Http", "src\Xtate.IoProcessor.Http\src\Xtate.IoProcessor.Http\Xtate.IoProcessor.Http.csproj", "{1B7B10ED-9391-407D-88F5-D358F1F0A2E1}"
EndProject
Project("{9A19103F-16F7-4668-BE54-9A1E7A4F7556}") = "Xtate.IoProcessor.Http.Test", "src\Xtate.IoProcessor.Http\test\Xtate.IoProcessor.Http.Test\Xtate.IoProcessor.Http.Test.csproj", "{D075CB20-C33B-4914-9E6C-C35AAF5770B1}"
EndProject
Project("{9A19103F-16F7-4668-BE54-9A1E7A4F7556}") = "Xtate", "src\Xtate\src\Xtate\Xtate.csproj", "{3D5D8035-4A28-4200-A561-54317CDB70B7}"
EndProject
Project("{9A19103F-16F7-4668-BE54-9A1E7A4F7556}") = "Xtate.Test", "src\Xtate\test\Xtate.Test\Xtate.Test.csproj", "{31810458-AE98-4EB8-BC58-5E52F22C6AA3}"
EndProject
Project("{9A19103F-16F7-4668-BE54-9A1E7A4F7556}") = "Xtate.BasicCustomAction", "src\Xtate.BasicCustomAction\Xtate.BasicCustomAction.csproj", "{7A223057-E977-4B0B-94E3-AD47F908629F}"
EndProject
Project("{9A19103F-16F7-4668-BE54-9A1E7A4F7556}") = "Xtate.BenchmarkTest", "test\Xtate.BenchmarkTest\Xtate.BenchmarkTest.csproj", "{2432907F-63F0-420B-BC0D-6C86AF44F111}"
EndProject
Project("{9A19103F-16F7-4668-BE54-9A1E7A4F7556}") = "Xtate.Core.Host", "src\Xtate.Core.Host\Xtate.Core.Host.csproj", "{21D8B6A7-60C3-496E-ACFD-ADDFDE9CECD9}"
EndProject
Project("{9A19103F-16F7-4668-BE54-9A1E7A4F7556}") = "Xtate.IntegrationTest", "test\Xtate.IntegrationTest\Xtate.IntegrationTest.csproj", "{11ACEADB-C30D-4655-964C-EFE432287850}"
EndProject
Project("{9A19103F-16F7-4668-BE54-9A1E7A4F7556}") = "Xtate.MidCustomAction", "src\Xtate.MidCustomAction\Xtate.MidCustomAction.csproj", "{A772456C-2C70-4DAF-B508-CA32581367F9}"
EndProject
Project("{9A19103F-16F7-4668-BE54-9A1E7A4F7556}") = "Xtate.MimeCustomAction", "src\Xtate.MimeCustomAction\Xtate.MimeCustomAction.csproj", "{D3702E68-AC68-4769-AA78-EF61333100E7}"
EndProject
Project("{9A19103F-16F7-4668-BE54-9A1E7A4F7556}") = "Xtate.UnitTest", "test\Xtate.UnitTest\Xtate.UnitTest.csproj", "{74A5346F-294A-42EA-B850-3F5FA1AE0290}"
EndProject
Project("{9A19103F-16F7-4668-BE54-9A1E7A4F7556}") = "Xtate.UserInteractionService", "src\Xtate.UserInteractionService\Xtate.UserInteractionService.csproj", "{F4AAA4EA-34DC-430F-8DF7-24C89C2F3DE2}"
EndProject
Project("{9A19103F-16F7-4668-BE54-9A1E7A4F7556}") = "Xtate.WebBrowserService", "src\Xtate.WebBrowserService\Xtate.WebBrowserService.csproj", "{DF3A4BBA-548D-4C5B-8F3C-A3C5C0D9B09A}"
EndProject
Project("{9A19103F-16F7-4668-BE54-9A1E7A4F7556}") = "Xtate.WebBrowserService.CefSharp", "src\Xtate.WebBrowserService.CefSharp\Xtate.WebBrowserService.CefSharp.csproj", "{23CC8F62-D194-4E74-9A5E-63D5E369B0BC}"
EndProject
Project("{2150E333-8FDC-42A3-9474-1A3956D46DE8}") = "test", "test", "{F996E081-8638-4203-A787-817B7802559F}"
EndProject
Project("{2150E333-8FDC-42A3-9474-1A3956D46DE8}") = "src", "src", "{B2554A86-B2FF-459A-B6C8-F7D4E667B546}"
EndProject
Project("{9A19103F-16F7-4668-BE54-9A1E7A4F7556}") = "Xtate.Runner", "src\Xtate.Runner\Xtate.Runner.csproj", "{84DBA9A2-8072-4C86-8ADF-7125A0F69E0D}"
EndProject
Global
	GlobalSection(SolutionConfigurationPlatforms) = preSolution
		Debug|Any CPU = Debug|Any CPU
		Debug|x64 = Debug|x64
		Debug|x86 = Debug|x86
		Release|Any CPU = Release|Any CPU
		Release|x64 = Release|x64
		Release|x86 = Release|x86
	EndGlobalSection
	GlobalSection(ProjectConfigurationPlatforms) = postSolution
		{13882757-52E3-42ED-BBA6-ABC43C1AA6F3}.Debug|Any CPU.ActiveCfg = Debug|Any CPU
		{13882757-52E3-42ED-BBA6-ABC43C1AA6F3}.Debug|Any CPU.Build.0 = Debug|Any CPU
		{13882757-52E3-42ED-BBA6-ABC43C1AA6F3}.Debug|x64.ActiveCfg = Debug|Any CPU
		{13882757-52E3-42ED-BBA6-ABC43C1AA6F3}.Debug|x64.Build.0 = Debug|Any CPU
		{13882757-52E3-42ED-BBA6-ABC43C1AA6F3}.Debug|x86.ActiveCfg = Debug|Any CPU
		{13882757-52E3-42ED-BBA6-ABC43C1AA6F3}.Debug|x86.Build.0 = Debug|Any CPU
		{13882757-52E3-42ED-BBA6-ABC43C1AA6F3}.Release|Any CPU.ActiveCfg = Release|Any CPU
		{13882757-52E3-42ED-BBA6-ABC43C1AA6F3}.Release|Any CPU.Build.0 = Release|Any CPU
		{13882757-52E3-42ED-BBA6-ABC43C1AA6F3}.Release|x64.ActiveCfg = Release|Any CPU
		{13882757-52E3-42ED-BBA6-ABC43C1AA6F3}.Release|x64.Build.0 = Release|Any CPU
		{13882757-52E3-42ED-BBA6-ABC43C1AA6F3}.Release|x86.ActiveCfg = Release|Any CPU
		{13882757-52E3-42ED-BBA6-ABC43C1AA6F3}.Release|x86.Build.0 = Release|Any CPU
		{F0F7BDFA-541D-4A7F-ACB8-79DBFBC3AE9B}.Debug|Any CPU.ActiveCfg = Debug|Any CPU
		{F0F7BDFA-541D-4A7F-ACB8-79DBFBC3AE9B}.Debug|Any CPU.Build.0 = Debug|Any CPU
		{F0F7BDFA-541D-4A7F-ACB8-79DBFBC3AE9B}.Debug|x64.ActiveCfg = Debug|Any CPU
		{F0F7BDFA-541D-4A7F-ACB8-79DBFBC3AE9B}.Debug|x64.Build.0 = Debug|Any CPU
		{F0F7BDFA-541D-4A7F-ACB8-79DBFBC3AE9B}.Debug|x86.ActiveCfg = Debug|Any CPU
		{F0F7BDFA-541D-4A7F-ACB8-79DBFBC3AE9B}.Debug|x86.Build.0 = Debug|Any CPU
		{F0F7BDFA-541D-4A7F-ACB8-79DBFBC3AE9B}.Release|Any CPU.ActiveCfg = Release|Any CPU
		{F0F7BDFA-541D-4A7F-ACB8-79DBFBC3AE9B}.Release|Any CPU.Build.0 = Release|Any CPU
		{F0F7BDFA-541D-4A7F-ACB8-79DBFBC3AE9B}.Release|x64.ActiveCfg = Release|Any CPU
		{F0F7BDFA-541D-4A7F-ACB8-79DBFBC3AE9B}.Release|x64.Build.0 = Release|Any CPU
		{F0F7BDFA-541D-4A7F-ACB8-79DBFBC3AE9B}.Release|x86.ActiveCfg = Release|Any CPU
		{F0F7BDFA-541D-4A7F-ACB8-79DBFBC3AE9B}.Release|x86.Build.0 = Release|Any CPU
		{B17D1427-2469-487D-832F-A7AB6E527EF7}.Debug|Any CPU.ActiveCfg = Debug|Any CPU
		{B17D1427-2469-487D-832F-A7AB6E527EF7}.Debug|Any CPU.Build.0 = Debug|Any CPU
		{B17D1427-2469-487D-832F-A7AB6E527EF7}.Debug|x64.ActiveCfg = Debug|Any CPU
		{B17D1427-2469-487D-832F-A7AB6E527EF7}.Debug|x64.Build.0 = Debug|Any CPU
		{B17D1427-2469-487D-832F-A7AB6E527EF7}.Debug|x86.ActiveCfg = Debug|Any CPU
		{B17D1427-2469-487D-832F-A7AB6E527EF7}.Debug|x86.Build.0 = Debug|Any CPU
		{B17D1427-2469-487D-832F-A7AB6E527EF7}.Release|Any CPU.ActiveCfg = Release|Any CPU
		{B17D1427-2469-487D-832F-A7AB6E527EF7}.Release|Any CPU.Build.0 = Release|Any CPU
		{B17D1427-2469-487D-832F-A7AB6E527EF7}.Release|x64.ActiveCfg = Release|Any CPU
		{B17D1427-2469-487D-832F-A7AB6E527EF7}.Release|x64.Build.0 = Release|Any CPU
		{B17D1427-2469-487D-832F-A7AB6E527EF7}.Release|x86.ActiveCfg = Release|Any CPU
		{B17D1427-2469-487D-832F-A7AB6E527EF7}.Release|x86.Build.0 = Release|Any CPU
		{9BBBC2AA-CA84-497F-A8CF-F5F0F91A219F}.Debug|Any CPU.ActiveCfg = Debug|Any CPU
		{9BBBC2AA-CA84-497F-A8CF-F5F0F91A219F}.Debug|Any CPU.Build.0 = Debug|Any CPU
		{9BBBC2AA-CA84-497F-A8CF-F5F0F91A219F}.Debug|x64.ActiveCfg = Debug|Any CPU
		{9BBBC2AA-CA84-497F-A8CF-F5F0F91A219F}.Debug|x64.Build.0 = Debug|Any CPU
		{9BBBC2AA-CA84-497F-A8CF-F5F0F91A219F}.Debug|x86.ActiveCfg = Debug|Any CPU
		{9BBBC2AA-CA84-497F-A8CF-F5F0F91A219F}.Debug|x86.Build.0 = Debug|Any CPU
		{9BBBC2AA-CA84-497F-A8CF-F5F0F91A219F}.Release|Any CPU.ActiveCfg = Release|Any CPU
		{9BBBC2AA-CA84-497F-A8CF-F5F0F91A219F}.Release|Any CPU.Build.0 = Release|Any CPU
		{9BBBC2AA-CA84-497F-A8CF-F5F0F91A219F}.Release|x64.ActiveCfg = Release|Any CPU
		{9BBBC2AA-CA84-497F-A8CF-F5F0F91A219F}.Release|x64.Build.0 = Release|Any CPU
		{9BBBC2AA-CA84-497F-A8CF-F5F0F91A219F}.Release|x86.ActiveCfg = Release|Any CPU
		{9BBBC2AA-CA84-497F-A8CF-F5F0F91A219F}.Release|x86.Build.0 = Release|Any CPU
		{B28DA6AE-A4C1-45EF-8A61-82747F412C16}.Debug|Any CPU.ActiveCfg = Debug|Any CPU
		{B28DA6AE-A4C1-45EF-8A61-82747F412C16}.Debug|Any CPU.Build.0 = Debug|Any CPU
		{B28DA6AE-A4C1-45EF-8A61-82747F412C16}.Debug|x64.ActiveCfg = Debug|Any CPU
		{B28DA6AE-A4C1-45EF-8A61-82747F412C16}.Debug|x64.Build.0 = Debug|Any CPU
		{B28DA6AE-A4C1-45EF-8A61-82747F412C16}.Debug|x86.ActiveCfg = Debug|Any CPU
		{B28DA6AE-A4C1-45EF-8A61-82747F412C16}.Debug|x86.Build.0 = Debug|Any CPU
		{B28DA6AE-A4C1-45EF-8A61-82747F412C16}.Release|Any CPU.ActiveCfg = Release|Any CPU
		{B28DA6AE-A4C1-45EF-8A61-82747F412C16}.Release|Any CPU.Build.0 = Release|Any CPU
		{B28DA6AE-A4C1-45EF-8A61-82747F412C16}.Release|x64.ActiveCfg = Release|Any CPU
		{B28DA6AE-A4C1-45EF-8A61-82747F412C16}.Release|x64.Build.0 = Release|Any CPU
		{B28DA6AE-A4C1-45EF-8A61-82747F412C16}.Release|x86.ActiveCfg = Release|Any CPU
		{B28DA6AE-A4C1-45EF-8A61-82747F412C16}.Release|x86.Build.0 = Release|Any CPU
		{47E0F4BF-FF36-4E6A-85B4-74654B5A2EA1}.Debug|Any CPU.ActiveCfg = Debug|Any CPU
		{47E0F4BF-FF36-4E6A-85B4-74654B5A2EA1}.Debug|Any CPU.Build.0 = Debug|Any CPU
		{47E0F4BF-FF36-4E6A-85B4-74654B5A2EA1}.Debug|x64.ActiveCfg = Debug|Any CPU
		{47E0F4BF-FF36-4E6A-85B4-74654B5A2EA1}.Debug|x64.Build.0 = Debug|Any CPU
		{47E0F4BF-FF36-4E6A-85B4-74654B5A2EA1}.Debug|x86.ActiveCfg = Debug|Any CPU
		{47E0F4BF-FF36-4E6A-85B4-74654B5A2EA1}.Debug|x86.Build.0 = Debug|Any CPU
		{47E0F4BF-FF36-4E6A-85B4-74654B5A2EA1}.Release|Any CPU.ActiveCfg = Release|Any CPU
		{47E0F4BF-FF36-4E6A-85B4-74654B5A2EA1}.Release|Any CPU.Build.0 = Release|Any CPU
		{47E0F4BF-FF36-4E6A-85B4-74654B5A2EA1}.Release|x64.ActiveCfg = Release|Any CPU
		{47E0F4BF-FF36-4E6A-85B4-74654B5A2EA1}.Release|x64.Build.0 = Release|Any CPU
		{47E0F4BF-FF36-4E6A-85B4-74654B5A2EA1}.Release|x86.ActiveCfg = Release|Any CPU
		{47E0F4BF-FF36-4E6A-85B4-74654B5A2EA1}.Release|x86.Build.0 = Release|Any CPU
		{38569A48-8E8A-4D8F-BBC0-A6C192AC7C12}.Debug|Any CPU.ActiveCfg = Debug|Any CPU
		{38569A48-8E8A-4D8F-BBC0-A6C192AC7C12}.Debug|Any CPU.Build.0 = Debug|Any CPU
		{38569A48-8E8A-4D8F-BBC0-A6C192AC7C12}.Debug|x64.ActiveCfg = Debug|Any CPU
		{38569A48-8E8A-4D8F-BBC0-A6C192AC7C12}.Debug|x64.Build.0 = Debug|Any CPU
		{38569A48-8E8A-4D8F-BBC0-A6C192AC7C12}.Debug|x86.ActiveCfg = Debug|Any CPU
		{38569A48-8E8A-4D8F-BBC0-A6C192AC7C12}.Debug|x86.Build.0 = Debug|Any CPU
		{38569A48-8E8A-4D8F-BBC0-A6C192AC7C12}.Release|Any CPU.ActiveCfg = Release|Any CPU
		{38569A48-8E8A-4D8F-BBC0-A6C192AC7C12}.Release|Any CPU.Build.0 = Release|Any CPU
		{38569A48-8E8A-4D8F-BBC0-A6C192AC7C12}.Release|x64.ActiveCfg = Release|Any CPU
		{38569A48-8E8A-4D8F-BBC0-A6C192AC7C12}.Release|x64.Build.0 = Release|Any CPU
		{38569A48-8E8A-4D8F-BBC0-A6C192AC7C12}.Release|x86.ActiveCfg = Release|Any CPU
		{38569A48-8E8A-4D8F-BBC0-A6C192AC7C12}.Release|x86.Build.0 = Release|Any CPU
		{9A970F61-F587-4979-BCD8-7A2C0AE9A053}.Debug|Any CPU.ActiveCfg = Debug|Any CPU
		{9A970F61-F587-4979-BCD8-7A2C0AE9A053}.Debug|Any CPU.Build.0 = Debug|Any CPU
		{9A970F61-F587-4979-BCD8-7A2C0AE9A053}.Debug|x64.ActiveCfg = Debug|Any CPU
		{9A970F61-F587-4979-BCD8-7A2C0AE9A053}.Debug|x64.Build.0 = Debug|Any CPU
		{9A970F61-F587-4979-BCD8-7A2C0AE9A053}.Debug|x86.ActiveCfg = Debug|Any CPU
		{9A970F61-F587-4979-BCD8-7A2C0AE9A053}.Debug|x86.Build.0 = Debug|Any CPU
		{9A970F61-F587-4979-BCD8-7A2C0AE9A053}.Release|Any CPU.ActiveCfg = Release|Any CPU
		{9A970F61-F587-4979-BCD8-7A2C0AE9A053}.Release|Any CPU.Build.0 = Release|Any CPU
		{9A970F61-F587-4979-BCD8-7A2C0AE9A053}.Release|x64.ActiveCfg = Release|Any CPU
		{9A970F61-F587-4979-BCD8-7A2C0AE9A053}.Release|x64.Build.0 = Release|Any CPU
		{9A970F61-F587-4979-BCD8-7A2C0AE9A053}.Release|x86.ActiveCfg = Release|Any CPU
		{9A970F61-F587-4979-BCD8-7A2C0AE9A053}.Release|x86.Build.0 = Release|Any CPU
		{66458BD8-B6BF-4B50-B1B3-4CD9186D87DE}.Debug|Any CPU.ActiveCfg = Debug|Any CPU
		{66458BD8-B6BF-4B50-B1B3-4CD9186D87DE}.Debug|Any CPU.Build.0 = Debug|Any CPU
		{66458BD8-B6BF-4B50-B1B3-4CD9186D87DE}.Debug|x64.ActiveCfg = Debug|Any CPU
		{66458BD8-B6BF-4B50-B1B3-4CD9186D87DE}.Debug|x64.Build.0 = Debug|Any CPU
		{66458BD8-B6BF-4B50-B1B3-4CD9186D87DE}.Debug|x86.ActiveCfg = Debug|Any CPU
		{66458BD8-B6BF-4B50-B1B3-4CD9186D87DE}.Debug|x86.Build.0 = Debug|Any CPU
		{66458BD8-B6BF-4B50-B1B3-4CD9186D87DE}.Release|Any CPU.ActiveCfg = Release|Any CPU
		{66458BD8-B6BF-4B50-B1B3-4CD9186D87DE}.Release|Any CPU.Build.0 = Release|Any CPU
		{66458BD8-B6BF-4B50-B1B3-4CD9186D87DE}.Release|x64.ActiveCfg = Release|Any CPU
		{66458BD8-B6BF-4B50-B1B3-4CD9186D87DE}.Release|x64.Build.0 = Release|Any CPU
		{66458BD8-B6BF-4B50-B1B3-4CD9186D87DE}.Release|x86.ActiveCfg = Release|Any CPU
		{66458BD8-B6BF-4B50-B1B3-4CD9186D87DE}.Release|x86.Build.0 = Release|Any CPU
		{7D4CD656-C9C1-4468-8648-A35B10F709B4}.Debug|Any CPU.ActiveCfg = Debug|Any CPU
		{7D4CD656-C9C1-4468-8648-A35B10F709B4}.Debug|Any CPU.Build.0 = Debug|Any CPU
		{7D4CD656-C9C1-4468-8648-A35B10F709B4}.Debug|x64.ActiveCfg = Debug|Any CPU
		{7D4CD656-C9C1-4468-8648-A35B10F709B4}.Debug|x64.Build.0 = Debug|Any CPU
		{7D4CD656-C9C1-4468-8648-A35B10F709B4}.Debug|x86.ActiveCfg = Debug|Any CPU
		{7D4CD656-C9C1-4468-8648-A35B10F709B4}.Debug|x86.Build.0 = Debug|Any CPU
		{7D4CD656-C9C1-4468-8648-A35B10F709B4}.Release|Any CPU.ActiveCfg = Release|Any CPU
		{7D4CD656-C9C1-4468-8648-A35B10F709B4}.Release|Any CPU.Build.0 = Release|Any CPU
		{7D4CD656-C9C1-4468-8648-A35B10F709B4}.Release|x64.ActiveCfg = Release|Any CPU
		{7D4CD656-C9C1-4468-8648-A35B10F709B4}.Release|x64.Build.0 = Release|Any CPU
		{7D4CD656-C9C1-4468-8648-A35B10F709B4}.Release|x86.ActiveCfg = Release|Any CPU
		{7D4CD656-C9C1-4468-8648-A35B10F709B4}.Release|x86.Build.0 = Release|Any CPU
		{1B7B10ED-9391-407D-88F5-D358F1F0A2E1}.Debug|Any CPU.ActiveCfg = Debug|Any CPU
		{1B7B10ED-9391-407D-88F5-D358F1F0A2E1}.Debug|Any CPU.Build.0 = Debug|Any CPU
		{1B7B10ED-9391-407D-88F5-D358F1F0A2E1}.Debug|x64.ActiveCfg = Debug|Any CPU
		{1B7B10ED-9391-407D-88F5-D358F1F0A2E1}.Debug|x64.Build.0 = Debug|Any CPU
		{1B7B10ED-9391-407D-88F5-D358F1F0A2E1}.Debug|x86.ActiveCfg = Debug|Any CPU
		{1B7B10ED-9391-407D-88F5-D358F1F0A2E1}.Debug|x86.Build.0 = Debug|Any CPU
		{1B7B10ED-9391-407D-88F5-D358F1F0A2E1}.Release|Any CPU.ActiveCfg = Release|Any CPU
		{1B7B10ED-9391-407D-88F5-D358F1F0A2E1}.Release|Any CPU.Build.0 = Release|Any CPU
		{1B7B10ED-9391-407D-88F5-D358F1F0A2E1}.Release|x64.ActiveCfg = Release|Any CPU
		{1B7B10ED-9391-407D-88F5-D358F1F0A2E1}.Release|x64.Build.0 = Release|Any CPU
		{1B7B10ED-9391-407D-88F5-D358F1F0A2E1}.Release|x86.ActiveCfg = Release|Any CPU
		{1B7B10ED-9391-407D-88F5-D358F1F0A2E1}.Release|x86.Build.0 = Release|Any CPU
		{D075CB20-C33B-4914-9E6C-C35AAF5770B1}.Debug|Any CPU.ActiveCfg = Debug|Any CPU
		{D075CB20-C33B-4914-9E6C-C35AAF5770B1}.Debug|Any CPU.Build.0 = Debug|Any CPU
		{D075CB20-C33B-4914-9E6C-C35AAF5770B1}.Debug|x64.ActiveCfg = Debug|Any CPU
		{D075CB20-C33B-4914-9E6C-C35AAF5770B1}.Debug|x64.Build.0 = Debug|Any CPU
		{D075CB20-C33B-4914-9E6C-C35AAF5770B1}.Debug|x86.ActiveCfg = Debug|Any CPU
		{D075CB20-C33B-4914-9E6C-C35AAF5770B1}.Debug|x86.Build.0 = Debug|Any CPU
		{D075CB20-C33B-4914-9E6C-C35AAF5770B1}.Release|Any CPU.ActiveCfg = Release|Any CPU
		{D075CB20-C33B-4914-9E6C-C35AAF5770B1}.Release|Any CPU.Build.0 = Release|Any CPU
		{D075CB20-C33B-4914-9E6C-C35AAF5770B1}.Release|x64.ActiveCfg = Release|Any CPU
		{D075CB20-C33B-4914-9E6C-C35AAF5770B1}.Release|x64.Build.0 = Release|Any CPU
		{D075CB20-C33B-4914-9E6C-C35AAF5770B1}.Release|x86.ActiveCfg = Release|Any CPU
		{D075CB20-C33B-4914-9E6C-C35AAF5770B1}.Release|x86.Build.0 = Release|Any CPU
		{3D5D8035-4A28-4200-A561-54317CDB70B7}.Debug|Any CPU.ActiveCfg = Debug|Any CPU
		{3D5D8035-4A28-4200-A561-54317CDB70B7}.Debug|Any CPU.Build.0 = Debug|Any CPU
		{3D5D8035-4A28-4200-A561-54317CDB70B7}.Debug|x64.ActiveCfg = Debug|Any CPU
		{3D5D8035-4A28-4200-A561-54317CDB70B7}.Debug|x64.Build.0 = Debug|Any CPU
		{3D5D8035-4A28-4200-A561-54317CDB70B7}.Debug|x86.ActiveCfg = Debug|Any CPU
		{3D5D8035-4A28-4200-A561-54317CDB70B7}.Debug|x86.Build.0 = Debug|Any CPU
		{3D5D8035-4A28-4200-A561-54317CDB70B7}.Release|Any CPU.ActiveCfg = Release|Any CPU
		{3D5D8035-4A28-4200-A561-54317CDB70B7}.Release|Any CPU.Build.0 = Release|Any CPU
		{3D5D8035-4A28-4200-A561-54317CDB70B7}.Release|x64.ActiveCfg = Release|Any CPU
		{3D5D8035-4A28-4200-A561-54317CDB70B7}.Release|x64.Build.0 = Release|Any CPU
		{3D5D8035-4A28-4200-A561-54317CDB70B7}.Release|x86.ActiveCfg = Release|Any CPU
		{3D5D8035-4A28-4200-A561-54317CDB70B7}.Release|x86.Build.0 = Release|Any CPU
		{31810458-AE98-4EB8-BC58-5E52F22C6AA3}.Debug|Any CPU.ActiveCfg = Debug|Any CPU
		{31810458-AE98-4EB8-BC58-5E52F22C6AA3}.Debug|Any CPU.Build.0 = Debug|Any CPU
		{31810458-AE98-4EB8-BC58-5E52F22C6AA3}.Debug|x64.ActiveCfg = Debug|Any CPU
		{31810458-AE98-4EB8-BC58-5E52F22C6AA3}.Debug|x64.Build.0 = Debug|Any CPU
		{31810458-AE98-4EB8-BC58-5E52F22C6AA3}.Debug|x86.ActiveCfg = Debug|Any CPU
		{31810458-AE98-4EB8-BC58-5E52F22C6AA3}.Debug|x86.Build.0 = Debug|Any CPU
		{31810458-AE98-4EB8-BC58-5E52F22C6AA3}.Release|Any CPU.ActiveCfg = Release|Any CPU
		{31810458-AE98-4EB8-BC58-5E52F22C6AA3}.Release|Any CPU.Build.0 = Release|Any CPU
		{31810458-AE98-4EB8-BC58-5E52F22C6AA3}.Release|x64.ActiveCfg = Release|Any CPU
		{31810458-AE98-4EB8-BC58-5E52F22C6AA3}.Release|x64.Build.0 = Release|Any CPU
		{31810458-AE98-4EB8-BC58-5E52F22C6AA3}.Release|x86.ActiveCfg = Release|Any CPU
		{31810458-AE98-4EB8-BC58-5E52F22C6AA3}.Release|x86.Build.0 = Release|Any CPU
		{7A223057-E977-4B0B-94E3-AD47F908629F}.Debug|Any CPU.ActiveCfg = Debug|Any CPU
		{7A223057-E977-4B0B-94E3-AD47F908629F}.Debug|Any CPU.Build.0 = Debug|Any CPU
		{7A223057-E977-4B0B-94E3-AD47F908629F}.Debug|x64.ActiveCfg = Debug|Any CPU
		{7A223057-E977-4B0B-94E3-AD47F908629F}.Debug|x64.Build.0 = Debug|Any CPU
		{7A223057-E977-4B0B-94E3-AD47F908629F}.Debug|x86.ActiveCfg = Debug|Any CPU
		{7A223057-E977-4B0B-94E3-AD47F908629F}.Debug|x86.Build.0 = Debug|Any CPU
		{7A223057-E977-4B0B-94E3-AD47F908629F}.Release|Any CPU.ActiveCfg = Release|Any CPU
		{7A223057-E977-4B0B-94E3-AD47F908629F}.Release|Any CPU.Build.0 = Release|Any CPU
		{7A223057-E977-4B0B-94E3-AD47F908629F}.Release|x64.ActiveCfg = Release|Any CPU
		{7A223057-E977-4B0B-94E3-AD47F908629F}.Release|x64.Build.0 = Release|Any CPU
		{7A223057-E977-4B0B-94E3-AD47F908629F}.Release|x86.ActiveCfg = Release|Any CPU
		{7A223057-E977-4B0B-94E3-AD47F908629F}.Release|x86.Build.0 = Release|Any CPU
		{2432907F-63F0-420B-BC0D-6C86AF44F111}.Debug|Any CPU.ActiveCfg = Debug|Any CPU
		{2432907F-63F0-420B-BC0D-6C86AF44F111}.Debug|Any CPU.Build.0 = Debug|Any CPU
		{2432907F-63F0-420B-BC0D-6C86AF44F111}.Debug|x64.ActiveCfg = Debug|Any CPU
		{2432907F-63F0-420B-BC0D-6C86AF44F111}.Debug|x64.Build.0 = Debug|Any CPU
		{2432907F-63F0-420B-BC0D-6C86AF44F111}.Debug|x86.ActiveCfg = Debug|Any CPU
		{2432907F-63F0-420B-BC0D-6C86AF44F111}.Debug|x86.Build.0 = Debug|Any CPU
		{2432907F-63F0-420B-BC0D-6C86AF44F111}.Release|Any CPU.ActiveCfg = Release|Any CPU
		{2432907F-63F0-420B-BC0D-6C86AF44F111}.Release|Any CPU.Build.0 = Release|Any CPU
		{2432907F-63F0-420B-BC0D-6C86AF44F111}.Release|x64.ActiveCfg = Release|Any CPU
		{2432907F-63F0-420B-BC0D-6C86AF44F111}.Release|x64.Build.0 = Release|Any CPU
		{2432907F-63F0-420B-BC0D-6C86AF44F111}.Release|x86.ActiveCfg = Release|Any CPU
		{2432907F-63F0-420B-BC0D-6C86AF44F111}.Release|x86.Build.0 = Release|Any CPU
		{21D8B6A7-60C3-496E-ACFD-ADDFDE9CECD9}.Debug|Any CPU.ActiveCfg = Debug|x86
		{21D8B6A7-60C3-496E-ACFD-ADDFDE9CECD9}.Debug|Any CPU.Build.0 = Debug|x86
		{21D8B6A7-60C3-496E-ACFD-ADDFDE9CECD9}.Debug|x64.ActiveCfg = Debug|x64
		{21D8B6A7-60C3-496E-ACFD-ADDFDE9CECD9}.Debug|x64.Build.0 = Debug|x64
		{21D8B6A7-60C3-496E-ACFD-ADDFDE9CECD9}.Debug|x86.ActiveCfg = Debug|x86
		{21D8B6A7-60C3-496E-ACFD-ADDFDE9CECD9}.Debug|x86.Build.0 = Debug|x86
		{21D8B6A7-60C3-496E-ACFD-ADDFDE9CECD9}.Release|Any CPU.ActiveCfg = Release|x86
		{21D8B6A7-60C3-496E-ACFD-ADDFDE9CECD9}.Release|Any CPU.Build.0 = Release|x86
		{21D8B6A7-60C3-496E-ACFD-ADDFDE9CECD9}.Release|x64.ActiveCfg = Release|x64
		{21D8B6A7-60C3-496E-ACFD-ADDFDE9CECD9}.Release|x64.Build.0 = Release|x64
		{21D8B6A7-60C3-496E-ACFD-ADDFDE9CECD9}.Release|x86.ActiveCfg = Release|x86
		{21D8B6A7-60C3-496E-ACFD-ADDFDE9CECD9}.Release|x86.Build.0 = Release|x86
		{11ACEADB-C30D-4655-964C-EFE432287850}.Debug|Any CPU.ActiveCfg = Debug|Any CPU
		{11ACEADB-C30D-4655-964C-EFE432287850}.Debug|Any CPU.Build.0 = Debug|Any CPU
		{11ACEADB-C30D-4655-964C-EFE432287850}.Debug|x64.ActiveCfg = Debug|Any CPU
		{11ACEADB-C30D-4655-964C-EFE432287850}.Debug|x64.Build.0 = Debug|Any CPU
		{11ACEADB-C30D-4655-964C-EFE432287850}.Debug|x86.ActiveCfg = Debug|Any CPU
		{11ACEADB-C30D-4655-964C-EFE432287850}.Debug|x86.Build.0 = Debug|Any CPU
		{11ACEADB-C30D-4655-964C-EFE432287850}.Release|Any CPU.ActiveCfg = Release|Any CPU
		{11ACEADB-C30D-4655-964C-EFE432287850}.Release|Any CPU.Build.0 = Release|Any CPU
		{11ACEADB-C30D-4655-964C-EFE432287850}.Release|x64.ActiveCfg = Release|Any CPU
		{11ACEADB-C30D-4655-964C-EFE432287850}.Release|x64.Build.0 = Release|Any CPU
		{11ACEADB-C30D-4655-964C-EFE432287850}.Release|x86.ActiveCfg = Release|Any CPU
		{11ACEADB-C30D-4655-964C-EFE432287850}.Release|x86.Build.0 = Release|Any CPU
		{A772456C-2C70-4DAF-B508-CA32581367F9}.Debug|Any CPU.ActiveCfg = Debug|Any CPU
		{A772456C-2C70-4DAF-B508-CA32581367F9}.Debug|Any CPU.Build.0 = Debug|Any CPU
		{A772456C-2C70-4DAF-B508-CA32581367F9}.Debug|x64.ActiveCfg = Debug|Any CPU
		{A772456C-2C70-4DAF-B508-CA32581367F9}.Debug|x64.Build.0 = Debug|Any CPU
		{A772456C-2C70-4DAF-B508-CA32581367F9}.Debug|x86.ActiveCfg = Debug|Any CPU
		{A772456C-2C70-4DAF-B508-CA32581367F9}.Debug|x86.Build.0 = Debug|Any CPU
		{A772456C-2C70-4DAF-B508-CA32581367F9}.Release|Any CPU.ActiveCfg = Release|Any CPU
		{A772456C-2C70-4DAF-B508-CA32581367F9}.Release|Any CPU.Build.0 = Release|Any CPU
		{A772456C-2C70-4DAF-B508-CA32581367F9}.Release|x64.ActiveCfg = Release|Any CPU
		{A772456C-2C70-4DAF-B508-CA32581367F9}.Release|x64.Build.0 = Release|Any CPU
		{A772456C-2C70-4DAF-B508-CA32581367F9}.Release|x86.ActiveCfg = Release|Any CPU
		{A772456C-2C70-4DAF-B508-CA32581367F9}.Release|x86.Build.0 = Release|Any CPU
		{D3702E68-AC68-4769-AA78-EF61333100E7}.Debug|Any CPU.ActiveCfg = Debug|Any CPU
		{D3702E68-AC68-4769-AA78-EF61333100E7}.Debug|Any CPU.Build.0 = Debug|Any CPU
		{D3702E68-AC68-4769-AA78-EF61333100E7}.Debug|x64.ActiveCfg = Debug|Any CPU
		{D3702E68-AC68-4769-AA78-EF61333100E7}.Debug|x64.Build.0 = Debug|Any CPU
		{D3702E68-AC68-4769-AA78-EF61333100E7}.Debug|x86.ActiveCfg = Debug|Any CPU
		{D3702E68-AC68-4769-AA78-EF61333100E7}.Debug|x86.Build.0 = Debug|Any CPU
		{D3702E68-AC68-4769-AA78-EF61333100E7}.Release|Any CPU.ActiveCfg = Release|Any CPU
		{D3702E68-AC68-4769-AA78-EF61333100E7}.Release|Any CPU.Build.0 = Release|Any CPU
		{D3702E68-AC68-4769-AA78-EF61333100E7}.Release|x64.ActiveCfg = Release|Any CPU
		{D3702E68-AC68-4769-AA78-EF61333100E7}.Release|x64.Build.0 = Release|Any CPU
		{D3702E68-AC68-4769-AA78-EF61333100E7}.Release|x86.ActiveCfg = Release|Any CPU
		{D3702E68-AC68-4769-AA78-EF61333100E7}.Release|x86.Build.0 = Release|Any CPU
		{74A5346F-294A-42EA-B850-3F5FA1AE0290}.Debug|Any CPU.ActiveCfg = Debug|Any CPU
		{74A5346F-294A-42EA-B850-3F5FA1AE0290}.Debug|Any CPU.Build.0 = Debug|Any CPU
		{74A5346F-294A-42EA-B850-3F5FA1AE0290}.Debug|x64.ActiveCfg = Debug|Any CPU
		{74A5346F-294A-42EA-B850-3F5FA1AE0290}.Debug|x64.Build.0 = Debug|Any CPU
		{74A5346F-294A-42EA-B850-3F5FA1AE0290}.Debug|x86.ActiveCfg = Debug|Any CPU
		{74A5346F-294A-42EA-B850-3F5FA1AE0290}.Debug|x86.Build.0 = Debug|Any CPU
		{74A5346F-294A-42EA-B850-3F5FA1AE0290}.Release|Any CPU.ActiveCfg = Release|Any CPU
		{74A5346F-294A-42EA-B850-3F5FA1AE0290}.Release|Any CPU.Build.0 = Release|Any CPU
		{74A5346F-294A-42EA-B850-3F5FA1AE0290}.Release|x64.ActiveCfg = Release|Any CPU
		{74A5346F-294A-42EA-B850-3F5FA1AE0290}.Release|x64.Build.0 = Release|Any CPU
		{74A5346F-294A-42EA-B850-3F5FA1AE0290}.Release|x86.ActiveCfg = Release|Any CPU
		{74A5346F-294A-42EA-B850-3F5FA1AE0290}.Release|x86.Build.0 = Release|Any CPU
		{F4AAA4EA-34DC-430F-8DF7-24C89C2F3DE2}.Debug|Any CPU.ActiveCfg = Debug|Any CPU
		{F4AAA4EA-34DC-430F-8DF7-24C89C2F3DE2}.Debug|Any CPU.Build.0 = Debug|Any CPU
		{F4AAA4EA-34DC-430F-8DF7-24C89C2F3DE2}.Debug|x64.ActiveCfg = Debug|Any CPU
		{F4AAA4EA-34DC-430F-8DF7-24C89C2F3DE2}.Debug|x64.Build.0 = Debug|Any CPU
		{F4AAA4EA-34DC-430F-8DF7-24C89C2F3DE2}.Debug|x86.ActiveCfg = Debug|Any CPU
		{F4AAA4EA-34DC-430F-8DF7-24C89C2F3DE2}.Debug|x86.Build.0 = Debug|Any CPU
		{F4AAA4EA-34DC-430F-8DF7-24C89C2F3DE2}.Release|Any CPU.ActiveCfg = Release|Any CPU
		{F4AAA4EA-34DC-430F-8DF7-24C89C2F3DE2}.Release|Any CPU.Build.0 = Release|Any CPU
		{F4AAA4EA-34DC-430F-8DF7-24C89C2F3DE2}.Release|x64.ActiveCfg = Release|Any CPU
		{F4AAA4EA-34DC-430F-8DF7-24C89C2F3DE2}.Release|x64.Build.0 = Release|Any CPU
		{F4AAA4EA-34DC-430F-8DF7-24C89C2F3DE2}.Release|x86.ActiveCfg = Release|Any CPU
		{F4AAA4EA-34DC-430F-8DF7-24C89C2F3DE2}.Release|x86.Build.0 = Release|Any CPU
		{DF3A4BBA-548D-4C5B-8F3C-A3C5C0D9B09A}.Debug|Any CPU.ActiveCfg = Debug|Any CPU
		{DF3A4BBA-548D-4C5B-8F3C-A3C5C0D9B09A}.Debug|Any CPU.Build.0 = Debug|Any CPU
		{DF3A4BBA-548D-4C5B-8F3C-A3C5C0D9B09A}.Debug|x64.ActiveCfg = Debug|Any CPU
		{DF3A4BBA-548D-4C5B-8F3C-A3C5C0D9B09A}.Debug|x64.Build.0 = Debug|Any CPU
		{DF3A4BBA-548D-4C5B-8F3C-A3C5C0D9B09A}.Debug|x86.ActiveCfg = Debug|Any CPU
		{DF3A4BBA-548D-4C5B-8F3C-A3C5C0D9B09A}.Debug|x86.Build.0 = Debug|Any CPU
		{DF3A4BBA-548D-4C5B-8F3C-A3C5C0D9B09A}.Release|Any CPU.ActiveCfg = Release|Any CPU
		{DF3A4BBA-548D-4C5B-8F3C-A3C5C0D9B09A}.Release|Any CPU.Build.0 = Release|Any CPU
		{DF3A4BBA-548D-4C5B-8F3C-A3C5C0D9B09A}.Release|x64.ActiveCfg = Release|Any CPU
		{DF3A4BBA-548D-4C5B-8F3C-A3C5C0D9B09A}.Release|x64.Build.0 = Release|Any CPU
		{DF3A4BBA-548D-4C5B-8F3C-A3C5C0D9B09A}.Release|x86.ActiveCfg = Release|Any CPU
		{DF3A4BBA-548D-4C5B-8F3C-A3C5C0D9B09A}.Release|x86.Build.0 = Release|Any CPU
		{23CC8F62-D194-4E74-9A5E-63D5E369B0BC}.Debug|Any CPU.ActiveCfg = Debug|x86
		{23CC8F62-D194-4E74-9A5E-63D5E369B0BC}.Debug|Any CPU.Build.0 = Debug|x86
		{23CC8F62-D194-4E74-9A5E-63D5E369B0BC}.Debug|x64.ActiveCfg = Debug|x64
		{23CC8F62-D194-4E74-9A5E-63D5E369B0BC}.Debug|x64.Build.0 = Debug|x64
		{23CC8F62-D194-4E74-9A5E-63D5E369B0BC}.Debug|x86.ActiveCfg = Debug|x86
		{23CC8F62-D194-4E74-9A5E-63D5E369B0BC}.Debug|x86.Build.0 = Debug|x86
		{23CC8F62-D194-4E74-9A5E-63D5E369B0BC}.Release|Any CPU.ActiveCfg = Release|x86
		{23CC8F62-D194-4E74-9A5E-63D5E369B0BC}.Release|Any CPU.Build.0 = Release|x86
		{23CC8F62-D194-4E74-9A5E-63D5E369B0BC}.Release|x64.ActiveCfg = Release|x64
		{23CC8F62-D194-4E74-9A5E-63D5E369B0BC}.Release|x64.Build.0 = Release|x64
		{23CC8F62-D194-4E74-9A5E-63D5E369B0BC}.Release|x86.ActiveCfg = Release|x86
		{23CC8F62-D194-4E74-9A5E-63D5E369B0BC}.Release|x86.Build.0 = Release|x86
		{84DBA9A2-8072-4C86-8ADF-7125A0F69E0D}.Debug|Any CPU.ActiveCfg = Debug|Any CPU
		{84DBA9A2-8072-4C86-8ADF-7125A0F69E0D}.Debug|Any CPU.Build.0 = Debug|Any CPU
		{84DBA9A2-8072-4C86-8ADF-7125A0F69E0D}.Debug|x64.ActiveCfg = Debug|Any CPU
		{84DBA9A2-8072-4C86-8ADF-7125A0F69E0D}.Debug|x64.Build.0 = Debug|Any CPU
		{84DBA9A2-8072-4C86-8ADF-7125A0F69E0D}.Debug|x86.ActiveCfg = Debug|Any CPU
		{84DBA9A2-8072-4C86-8ADF-7125A0F69E0D}.Debug|x86.Build.0 = Debug|Any CPU
		{84DBA9A2-8072-4C86-8ADF-7125A0F69E0D}.Release|Any CPU.ActiveCfg = Release|Any CPU
		{84DBA9A2-8072-4C86-8ADF-7125A0F69E0D}.Release|Any CPU.Build.0 = Release|Any CPU
		{84DBA9A2-8072-4C86-8ADF-7125A0F69E0D}.Release|x64.ActiveCfg = Release|Any CPU
		{84DBA9A2-8072-4C86-8ADF-7125A0F69E0D}.Release|x64.Build.0 = Release|Any CPU
		{84DBA9A2-8072-4C86-8ADF-7125A0F69E0D}.Release|x86.ActiveCfg = Release|Any CPU
		{84DBA9A2-8072-4C86-8ADF-7125A0F69E0D}.Release|x86.Build.0 = Release|Any CPU
	EndGlobalSection
	GlobalSection(SolutionProperties) = preSolution
		HideSolutionNode = FALSE
	EndGlobalSection
	GlobalSection(NestedProjects) = preSolution
		{13882757-52E3-42ED-BBA6-ABC43C1AA6F3} = {B2554A86-B2FF-459A-B6C8-F7D4E667B546}
		{F0F7BDFA-541D-4A7F-ACB8-79DBFBC3AE9B} = {F996E081-8638-4203-A787-817B7802559F}
		{B17D1427-2469-487D-832F-A7AB6E527EF7} = {B2554A86-B2FF-459A-B6C8-F7D4E667B546}
		{9BBBC2AA-CA84-497F-A8CF-F5F0F91A219F} = {F996E081-8638-4203-A787-817B7802559F}
		{B28DA6AE-A4C1-45EF-8A61-82747F412C16} = {B2554A86-B2FF-459A-B6C8-F7D4E667B546}
		{47E0F4BF-FF36-4E6A-85B4-74654B5A2EA1} = {F996E081-8638-4203-A787-817B7802559F}
		{38569A48-8E8A-4D8F-BBC0-A6C192AC7C12} = {B2554A86-B2FF-459A-B6C8-F7D4E667B546}
		{9A970F61-F587-4979-BCD8-7A2C0AE9A053} = {F996E081-8638-4203-A787-817B7802559F}
		{66458BD8-B6BF-4B50-B1B3-4CD9186D87DE} = {B2554A86-B2FF-459A-B6C8-F7D4E667B546}
		{7D4CD656-C9C1-4468-8648-A35B10F709B4} = {F996E081-8638-4203-A787-817B7802559F}
		{1B7B10ED-9391-407D-88F5-D358F1F0A2E1} = {B2554A86-B2FF-459A-B6C8-F7D4E667B546}
		{D075CB20-C33B-4914-9E6C-C35AAF5770B1} = {F996E081-8638-4203-A787-817B7802559F}
		{3D5D8035-4A28-4200-A561-54317CDB70B7} = {B2554A86-B2FF-459A-B6C8-F7D4E667B546}
		{31810458-AE98-4EB8-BC58-5E52F22C6AA3} = {F996E081-8638-4203-A787-817B7802559F}
		{7A223057-E977-4B0B-94E3-AD47F908629F} = {2D39B0EE-5826-4E10-BDEF-73BCBB3C2804}
		{2432907F-63F0-420B-BC0D-6C86AF44F111} = {F5850592-3562-4736-8CC9-0C18D62FA610}
		{21D8B6A7-60C3-496E-ACFD-ADDFDE9CECD9} = {2D39B0EE-5826-4E10-BDEF-73BCBB3C2804}
		{11ACEADB-C30D-4655-964C-EFE432287850} = {F5850592-3562-4736-8CC9-0C18D62FA610}
		{A772456C-2C70-4DAF-B508-CA32581367F9} = {2D39B0EE-5826-4E10-BDEF-73BCBB3C2804}
		{D3702E68-AC68-4769-AA78-EF61333100E7} = {2D39B0EE-5826-4E10-BDEF-73BCBB3C2804}
		{74A5346F-294A-42EA-B850-3F5FA1AE0290} = {F5850592-3562-4736-8CC9-0C18D62FA610}
		{F4AAA4EA-34DC-430F-8DF7-24C89C2F3DE2} = {2D39B0EE-5826-4E10-BDEF-73BCBB3C2804}
		{DF3A4BBA-548D-4C5B-8F3C-A3C5C0D9B09A} = {2D39B0EE-5826-4E10-BDEF-73BCBB3C2804}
		{23CC8F62-D194-4E74-9A5E-63D5E369B0BC} = {2D39B0EE-5826-4E10-BDEF-73BCBB3C2804}
		{F996E081-8638-4203-A787-817B7802559F} = {79C90AB0-753E-4077-884F-5469AB882745}
		{B2554A86-B2FF-459A-B6C8-F7D4E667B546} = {79C90AB0-753E-4077-884F-5469AB882745}
		{84DBA9A2-8072-4C86-8ADF-7125A0F69E0D} = {2D39B0EE-5826-4E10-BDEF-73BCBB3C2804}
	EndGlobalSection
	GlobalSection(ExtensibilityGlobals) = postSolution
		SolutionGuid = {FFEE919D-5043-4EB8-B372-06E0408305E9}
	EndGlobalSection
EndGlobal
