
Microsoft Visual Studio Solution File, Format Version 12.00
# Visual Studio Version 17
VisualStudioVersion = 17.3.32819.101
MinimumVisualStudioVersion = 10.0.40219.1
Project("{9A19103F-16F7-4668-BE54-9A1E7A4F7556}") = "Xtate.IoC", "src\Xtate.Core\src\Xtate.IoC\Xtate.IoC.csproj", "{E4837CE8-2C4A-4FA7-B5AC-B91A0EAB15BC}"
EndProject
Project("{9A19103F-16F7-4668-BE54-9A1E7A4F7556}") = "Xtate.Core", "src\Xtate.Core\src\Xtate.Core\Xtate.Core.csproj", "{13882757-52E3-42ED-BBA6-ABC43C1AA6F3}"
EndProject
Project("{9A19103F-16F7-4668-BE54-9A1E7A4F7556}") = "Xtate.IoC.Test", "src\Xtate.Core\test\Xtate.IoC.Test\Xtate.IoC.Test.csproj", "{6770FB80-A516-4B12-8128-160067F59673}"
EndProject
Project("{9A19103F-16F7-4668-BE54-9A1E7A4F7556}") = "Xtate.Core.Test", "src\Xtate.Core\test\Xtate.Core.Test\Xtate.Core.Test.csproj", "{F0F7BDFA-541D-4A7F-ACB8-79DBFBC3AE9B}"
EndProject
Project("{2150E333-8FDC-42A3-9474-1A3956D46DE8}") = "test", "test", "{F5850592-3562-4736-8CC9-0C18D62FA610}"
EndProject
Project("{9A19103F-16F7-4668-BE54-9A1E7A4F7556}") = "Xtate.DataModel.EcmaScript", "src\Xtate.DataModel.EcmaScript\src\Xtate.DataModel.EcmaScript\Xtate.DataModel.EcmaScript.csproj", "{B17D1427-2469-487D-832F-A7AB6E527EF7}"
EndProject
Project("{9A19103F-16F7-4668-BE54-9A1E7A4F7556}") = "Xtate.DataModel.EcmaScript.Test", "src\Xtate.DataModel.EcmaScript\test\Xtate.DataModel.EcmaScript.Test\Xtate.DataModel.EcmaScript.Test.csproj", "{9BBBC2AA-CA84-497F-A8CF-F5F0F91A219F}"
EndProject
Project("{9A19103F-16F7-4668-BE54-9A1E7A4F7556}") = "Xtate.Logger.Serilog", "src\Xtate.Logger.Serilog\src\Xtate.Logger.Serilog\Xtate.Logger.Serilog.csproj", "{B28DA6AE-A4C1-45EF-8A61-82747F412C16}"
EndProject
Project("{9A19103F-16F7-4668-BE54-9A1E7A4F7556}") = "Xtate.Logger.Serilog.Test", "src\Xtate.Logger.Serilog\test\Xtate.Logger.Serilog.Test\Xtate.Logger.Serilog.Test.csproj", "{47E0F4BF-FF36-4E6A-85B4-74654B5A2EA1}"
EndProject
Project("{2150E333-8FDC-42A3-9474-1A3956D46DE8}") = "packages", "packages", "{79C90AB0-753E-4077-884F-5469AB882745}"
EndProject
Project("{2150E333-8FDC-42A3-9474-1A3956D46DE8}") = "src", "src", "{2D39B0EE-5826-4E10-BDEF-73BCBB3C2804}"
EndProject
Project("{9A19103F-16F7-4668-BE54-9A1E7A4F7556}") = "Xtate.BasicCustomAction", "src\Xtate.BasicCustomAction\Xtate.BasicCustomAction.csproj", "{7A223057-E977-4B0B-94E3-AD47F908629F}"
EndProject
Project("{9A19103F-16F7-4668-BE54-9A1E7A4F7556}") = "Xtate.BenchmarkTest", "test\Xtate.BenchmarkTest\Xtate.BenchmarkTest.csproj", "{2432907F-63F0-420B-BC0D-6C86AF44F111}"
EndProject
Project("{9A19103F-16F7-4668-BE54-9A1E7A4F7556}") = "Xtate.Core.Host", "src\Xtate.Core.Host\Xtate.Core.Host.csproj", "{21D8B6A7-60C3-496E-ACFD-ADDFDE9CECD9}"
EndProject
Project("{9A19103F-16F7-4668-BE54-9A1E7A4F7556}") = "Xtate.IntegrationTest", "test\Xtate.IntegrationTest\Xtate.IntegrationTest.csproj", "{11ACEADB-C30D-4655-964C-EFE432287850}"
EndProject
Project("{9A19103F-16F7-4668-BE54-9A1E7A4F7556}") = "Xtate.MidCustomAction", "src\Xtate.MidCustomAction\Xtate.MidCustomAction.csproj", "{A772456C-2C70-4DAF-B508-CA32581367F9}"
EndProject
Project("{9A19103F-16F7-4668-BE54-9A1E7A4F7556}") = "Xtate.MimeCustomAction", "src\Xtate.MimeCustomAction\Xtate.MimeCustomAction.csproj", "{D3702E68-AC68-4769-AA78-EF61333100E7}"
EndProject
Project("{9A19103F-16F7-4668-BE54-9A1E7A4F7556}") = "Xtate.UnitTest", "test\Xtate.UnitTest\Xtate.UnitTest.csproj", "{74A5346F-294A-42EA-B850-3F5FA1AE0290}"
EndProject
Project("{9A19103F-16F7-4668-BE54-9A1E7A4F7556}") = "Xtate.UserInteractionService", "src\Xtate.UserInteractionService\Xtate.UserInteractionService.csproj", "{F4AAA4EA-34DC-430F-8DF7-24C89C2F3DE2}"
EndProject
Project("{9A19103F-16F7-4668-BE54-9A1E7A4F7556}") = "Xtate.WebBrowserService", "src\Xtate.WebBrowserService\Xtate.WebBrowserService.csproj", "{DF3A4BBA-548D-4C5B-8F3C-A3C5C0D9B09A}"
EndProject
Project("{9A19103F-16F7-4668-BE54-9A1E7A4F7556}") = "Xtate.WebBrowserService.CefSharp", "src\Xtate.WebBrowserService.CefSharp\Xtate.WebBrowserService.CefSharp.csproj", "{23CC8F62-D194-4E74-9A5E-63D5E369B0BC}"
EndProject
Project("{2150E333-8FDC-42A3-9474-1A3956D46DE8}") = "test", "test", "{F996E081-8638-4203-A787-817B7802559F}"
EndProject
Project("{2150E333-8FDC-42A3-9474-1A3956D46DE8}") = "src", "src", "{B2554A86-B2FF-459A-B6C8-F7D4E667B546}"
EndProject
Project("{9A19103F-16F7-4668-BE54-9A1E7A4F7556}") = "Xtate.Runner", "src\Xtate.Runner\Xtate.Runner.csproj", "{84DBA9A2-8072-4C86-8ADF-7125A0F69E0D}"
EndProject
Project("{9A19103F-16F7-4668-BE54-9A1E7A4F7556}") = "Xtate.IoProcessor.Http.Kestrel", "src\Xtate.IoProcessor.Http.Kestrel\src\Xtate.IoProcessor.Http.Kestrel\Xtate.IoProcessor.Http.Kestrel.csproj", "{F4C34EEE-FCD0-4E2D-B609-B3B0815B5CB7}"
EndProject
Project("{9A19103F-16F7-4668-BE54-9A1E7A4F7556}") = "Xtate.IoProcessor.Http.Kestrel.Test", "src\Xtate.IoProcessor.Http.Kestrel\test\Xtate.IoProcessor.Http.Kestrel.Test\Xtate.IoProcessor.Http.Kestrel.Test.csproj", "{37E9140A-30C4-460D-AC9B-8E8B5432B21D}"
EndProject
Project("{9A19103F-16F7-4668-BE54-9A1E7A4F7556}") = "Xtate.Web.Tools", "src\Xtate.Web.Tools\src\Xtate.Web.Tools\Xtate.Web.Tools.csproj", "{6F2E7F11-B778-4362-8F37-DD9F4EC80B71}"
EndProject
Project("{9A19103F-16F7-4668-BE54-9A1E7A4F7556}") = "Xtate.Web.Tools.Test", "src\Xtate.Web.Tools\test\Xtate.Web.Tools.Test\Xtate.Web.Tools.Test.csproj", "{B3FF0F2B-043C-4BEC-86F4-BDEB9B297D86}"
EndProject
Project("{2150E333-8FDC-42A3-9474-1A3956D46DE8}") = "Solution Items", "Solution Items", "{05DABC01-2782-4409-ABC4-8CDCBC299585}"
	ProjectSection(SolutionItems) = preProject
		.editorconfig = .editorconfig
	EndProjectSection
EndProject
Global
	GlobalSection(SolutionConfigurationPlatforms) = preSolution
		Debug|Any CPU = Debug|Any CPU
		Debug|x64 = Debug|x64
		Debug|x86 = Debug|x86
		Release|Any CPU = Release|Any CPU
		Release|x64 = Release|x64
		Release|x86 = Release|x86
	EndGlobalSection
	GlobalSection(ProjectConfigurationPlatforms) = postSolution
		{E4837CE8-2C4A-4FA7-B5AC-B91A0EAB15BC}.Debug|Any CPU.ActiveCfg = Debug|Any CPU
		{E4837CE8-2C4A-4FA7-B5AC-B91A0EAB15BC}.Debug|Any CPU.Build.0 = Debug|Any CPU
		{E4837CE8-2C4A-4FA7-B5AC-B91A0EAB15BC}.Debug|x64.ActiveCfg = Debug|Any CPU
		{E4837CE8-2C4A-4FA7-B5AC-B91A0EAB15BC}.Debug|x64.Build.0 = Debug|Any CPU
		{E4837CE8-2C4A-4FA7-B5AC-B91A0EAB15BC}.Debug|x86.ActiveCfg = Debug|Any CPU
		{E4837CE8-2C4A-4FA7-B5AC-B91A0EAB15BC}.Debug|x86.Build.0 = Debug|Any CPU
		{E4837CE8-2C4A-4FA7-B5AC-B91A0EAB15BC}.Release|Any CPU.ActiveCfg = Release|Any CPU
		{E4837CE8-2C4A-4FA7-B5AC-B91A0EAB15BC}.Release|Any CPU.Build.0 = Release|Any CPU
		{E4837CE8-2C4A-4FA7-B5AC-B91A0EAB15BC}.Release|x64.ActiveCfg = Release|Any CPU
		{E4837CE8-2C4A-4FA7-B5AC-B91A0EAB15BC}.Release|x64.Build.0 = Release|Any CPU
		{E4837CE8-2C4A-4FA7-B5AC-B91A0EAB15BC}.Release|x86.ActiveCfg = Release|Any CPU
		{E4837CE8-2C4A-4FA7-B5AC-B91A0EAB15BC}.Release|x86.Build.0 = Release|Any CPU
		{13882757-52E3-42ED-BBA6-ABC43C1AA6F3}.Debug|Any CPU.ActiveCfg = Debug|Any CPU
		{13882757-52E3-42ED-BBA6-ABC43C1AA6F3}.Debug|Any CPU.Build.0 = Debug|Any CPU
		{13882757-52E3-42ED-BBA6-ABC43C1AA6F3}.Debug|x64.ActiveCfg = Debug|Any CPU
		{13882757-52E3-42ED-BBA6-ABC43C1AA6F3}.Debug|x64.Build.0 = Debug|Any CPU
		{13882757-52E3-42ED-BBA6-ABC43C1AA6F3}.Debug|x86.ActiveCfg = Debug|Any CPU
		{13882757-52E3-42ED-BBA6-ABC43C1AA6F3}.Debug|x86.Build.0 = Debug|Any CPU
		{13882757-52E3-42ED-BBA6-ABC43C1AA6F3}.Release|Any CPU.ActiveCfg = Release|Any CPU
		{13882757-52E3-42ED-BBA6-ABC43C1AA6F3}.Release|Any CPU.Build.0 = Release|Any CPU
		{13882757-52E3-42ED-BBA6-ABC43C1AA6F3}.Release|x64.ActiveCfg = Release|Any CPU
		{13882757-52E3-42ED-BBA6-ABC43C1AA6F3}.Release|x64.Build.0 = Release|Any CPU
		{13882757-52E3-42ED-BBA6-ABC43C1AA6F3}.Release|x86.ActiveCfg = Release|Any CPU
		{13882757-52E3-42ED-BBA6-ABC43C1AA6F3}.Release|x86.Build.0 = Release|Any CPU
		{F0F7BDFA-541D-4A7F-ACB8-79DBFBC3AE9B}.Debug|Any CPU.ActiveCfg = Debug|Any CPU
		{F0F7BDFA-541D-4A7F-ACB8-79DBFBC3AE9B}.Debug|Any CPU.Build.0 = Debug|Any CPU
		{F0F7BDFA-541D-4A7F-ACB8-79DBFBC3AE9B}.Debug|x64.ActiveCfg = Debug|Any CPU
		{F0F7BDFA-541D-4A7F-ACB8-79DBFBC3AE9B}.Debug|x64.Build.0 = Debug|Any CPU
		{F0F7BDFA-541D-4A7F-ACB8-79DBFBC3AE9B}.Debug|x86.ActiveCfg = Debug|Any CPU
		{F0F7BDFA-541D-4A7F-ACB8-79DBFBC3AE9B}.Debug|x86.Build.0 = Debug|Any CPU
		{F0F7BDFA-541D-4A7F-ACB8-79DBFBC3AE9B}.Release|Any CPU.ActiveCfg = Release|Any CPU
		{F0F7BDFA-541D-4A7F-ACB8-79DBFBC3AE9B}.Release|Any CPU.Build.0 = Release|Any CPU
		{F0F7BDFA-541D-4A7F-ACB8-79DBFBC3AE9B}.Release|x64.ActiveCfg = Release|Any CPU
		{F0F7BDFA-541D-4A7F-ACB8-79DBFBC3AE9B}.Release|x64.Build.0 = Release|Any CPU
		{F0F7BDFA-541D-4A7F-ACB8-79DBFBC3AE9B}.Release|x86.ActiveCfg = Release|Any CPU
		{F0F7BDFA-541D-4A7F-ACB8-79DBFBC3AE9B}.Release|x86.Build.0 = Release|Any CPU
		{B17D1427-2469-487D-832F-A7AB6E527EF7}.Debug|Any CPU.ActiveCfg = Debug|Any CPU
		{B17D1427-2469-487D-832F-A7AB6E527EF7}.Debug|Any CPU.Build.0 = Debug|Any CPU
		{B17D1427-2469-487D-832F-A7AB6E527EF7}.Debug|x64.ActiveCfg = Debug|Any CPU
		{B17D1427-2469-487D-832F-A7AB6E527EF7}.Debug|x64.Build.0 = Debug|Any CPU
		{B17D1427-2469-487D-832F-A7AB6E527EF7}.Debug|x86.ActiveCfg = Debug|Any CPU
		{B17D1427-2469-487D-832F-A7AB6E527EF7}.Debug|x86.Build.0 = Debug|Any CPU
		{B17D1427-2469-487D-832F-A7AB6E527EF7}.Release|Any CPU.ActiveCfg = Release|Any CPU
		{B17D1427-2469-487D-832F-A7AB6E527EF7}.Release|Any CPU.Build.0 = Release|Any CPU
		{B17D1427-2469-487D-832F-A7AB6E527EF7}.Release|x64.ActiveCfg = Release|Any CPU
		{B17D1427-2469-487D-832F-A7AB6E527EF7}.Release|x64.Build.0 = Release|Any CPU
		{B17D1427-2469-487D-832F-A7AB6E527EF7}.Release|x86.ActiveCfg = Release|Any CPU
		{B17D1427-2469-487D-832F-A7AB6E527EF7}.Release|x86.Build.0 = Release|Any CPU
		{9BBBC2AA-CA84-497F-A8CF-F5F0F91A219F}.Debug|Any CPU.ActiveCfg = Debug|Any CPU
		{9BBBC2AA-CA84-497F-A8CF-F5F0F91A219F}.Debug|Any CPU.Build.0 = Debug|Any CPU
		{9BBBC2AA-CA84-497F-A8CF-F5F0F91A219F}.Debug|x64.ActiveCfg = Debug|Any CPU
		{9BBBC2AA-CA84-497F-A8CF-F5F0F91A219F}.Debug|x64.Build.0 = Debug|Any CPU
		{9BBBC2AA-CA84-497F-A8CF-F5F0F91A219F}.Debug|x86.ActiveCfg = Debug|Any CPU
		{9BBBC2AA-CA84-497F-A8CF-F5F0F91A219F}.Debug|x86.Build.0 = Debug|Any CPU
		{9BBBC2AA-CA84-497F-A8CF-F5F0F91A219F}.Release|Any CPU.ActiveCfg = Release|Any CPU
		{9BBBC2AA-CA84-497F-A8CF-F5F0F91A219F}.Release|Any CPU.Build.0 = Release|Any CPU
		{9BBBC2AA-CA84-497F-A8CF-F5F0F91A219F}.Release|x64.ActiveCfg = Release|Any CPU
		{9BBBC2AA-CA84-497F-A8CF-F5F0F91A219F}.Release|x64.Build.0 = Release|Any CPU
		{9BBBC2AA-CA84-497F-A8CF-F5F0F91A219F}.Release|x86.ActiveCfg = Release|Any CPU
		{9BBBC2AA-CA84-497F-A8CF-F5F0F91A219F}.Release|x86.Build.0 = Release|Any CPU
		{B28DA6AE-A4C1-45EF-8A61-82747F412C16}.Debug|Any CPU.ActiveCfg = Debug|Any CPU
		{B28DA6AE-A4C1-45EF-8A61-82747F412C16}.Debug|Any CPU.Build.0 = Debug|Any CPU
		{B28DA6AE-A4C1-45EF-8A61-82747F412C16}.Debug|x64.ActiveCfg = Debug|Any CPU
		{B28DA6AE-A4C1-45EF-8A61-82747F412C16}.Debug|x64.Build.0 = Debug|Any CPU
		{B28DA6AE-A4C1-45EF-8A61-82747F412C16}.Debug|x86.ActiveCfg = Debug|Any CPU
		{B28DA6AE-A4C1-45EF-8A61-82747F412C16}.Debug|x86.Build.0 = Debug|Any CPU
		{B28DA6AE-A4C1-45EF-8A61-82747F412C16}.Release|Any CPU.ActiveCfg = Release|Any CPU
		{B28DA6AE-A4C1-45EF-8A61-82747F412C16}.Release|Any CPU.Build.0 = Release|Any CPU
		{B28DA6AE-A4C1-45EF-8A61-82747F412C16}.Release|x64.ActiveCfg = Release|Any CPU
		{B28DA6AE-A4C1-45EF-8A61-82747F412C16}.Release|x64.Build.0 = Release|Any CPU
		{B28DA6AE-A4C1-45EF-8A61-82747F412C16}.Release|x86.ActiveCfg = Release|Any CPU
		{B28DA6AE-A4C1-45EF-8A61-82747F412C16}.Release|x86.Build.0 = Release|Any CPU
		{47E0F4BF-FF36-4E6A-85B4-74654B5A2EA1}.Debug|Any CPU.ActiveCfg = Debug|Any CPU
		{47E0F4BF-FF36-4E6A-85B4-74654B5A2EA1}.Debug|Any CPU.Build.0 = Debug|Any CPU
		{47E0F4BF-FF36-4E6A-85B4-74654B5A2EA1}.Debug|x64.ActiveCfg = Debug|Any CPU
		{47E0F4BF-FF36-4E6A-85B4-74654B5A2EA1}.Debug|x64.Build.0 = Debug|Any CPU
		{47E0F4BF-FF36-4E6A-85B4-74654B5A2EA1}.Debug|x86.ActiveCfg = Debug|Any CPU
		{47E0F4BF-FF36-4E6A-85B4-74654B5A2EA1}.Debug|x86.Build.0 = Debug|Any CPU
		{47E0F4BF-FF36-4E6A-85B4-74654B5A2EA1}.Release|Any CPU.ActiveCfg = Release|Any CPU
		{47E0F4BF-FF36-4E6A-85B4-74654B5A2EA1}.Release|Any CPU.Build.0 = Release|Any CPU
		{47E0F4BF-FF36-4E6A-85B4-74654B5A2EA1}.Release|x64.ActiveCfg = Release|Any CPU
		{47E0F4BF-FF36-4E6A-85B4-74654B5A2EA1}.Release|x64.Build.0 = Release|Any CPU
		{47E0F4BF-FF36-4E6A-85B4-74654B5A2EA1}.Release|x86.ActiveCfg = Release|Any CPU
		{47E0F4BF-FF36-4E6A-85B4-74654B5A2EA1}.Release|x86.Build.0 = Release|Any CPU
		{7A223057-E977-4B0B-94E3-AD47F908629F}.Debug|Any CPU.ActiveCfg = Debug|Any CPU
		{7A223057-E977-4B0B-94E3-AD47F908629F}.Debug|Any CPU.Build.0 = Debug|Any CPU
		{7A223057-E977-4B0B-94E3-AD47F908629F}.Debug|x64.ActiveCfg = Debug|Any CPU
		{7A223057-E977-4B0B-94E3-AD47F908629F}.Debug|x64.Build.0 = Debug|Any CPU
		{7A223057-E977-4B0B-94E3-AD47F908629F}.Debug|x86.ActiveCfg = Debug|Any CPU
		{7A223057-E977-4B0B-94E3-AD47F908629F}.Debug|x86.Build.0 = Debug|Any CPU
		{7A223057-E977-4B0B-94E3-AD47F908629F}.Release|Any CPU.ActiveCfg = Release|Any CPU
		{7A223057-E977-4B0B-94E3-AD47F908629F}.Release|Any CPU.Build.0 = Release|Any CPU
		{7A223057-E977-4B0B-94E3-AD47F908629F}.Release|x64.ActiveCfg = Release|Any CPU
		{7A223057-E977-4B0B-94E3-AD47F908629F}.Release|x64.Build.0 = Release|Any CPU
		{7A223057-E977-4B0B-94E3-AD47F908629F}.Release|x86.ActiveCfg = Release|Any CPU
		{7A223057-E977-4B0B-94E3-AD47F908629F}.Release|x86.Build.0 = Release|Any CPU
		{2432907F-63F0-420B-BC0D-6C86AF44F111}.Debug|Any CPU.ActiveCfg = Debug|Any CPU
		{2432907F-63F0-420B-BC0D-6C86AF44F111}.Debug|Any CPU.Build.0 = Debug|Any CPU
		{2432907F-63F0-420B-BC0D-6C86AF44F111}.Debug|x64.ActiveCfg = Debug|Any CPU
		{2432907F-63F0-420B-BC0D-6C86AF44F111}.Debug|x64.Build.0 = Debug|Any CPU
		{2432907F-63F0-420B-BC0D-6C86AF44F111}.Debug|x86.ActiveCfg = Debug|Any CPU
		{2432907F-63F0-420B-BC0D-6C86AF44F111}.Debug|x86.Build.0 = Debug|Any CPU
		{2432907F-63F0-420B-BC0D-6C86AF44F111}.Release|Any CPU.ActiveCfg = Release|Any CPU
		{2432907F-63F0-420B-BC0D-6C86AF44F111}.Release|Any CPU.Build.0 = Release|Any CPU
		{2432907F-63F0-420B-BC0D-6C86AF44F111}.Release|x64.ActiveCfg = Release|Any CPU
		{2432907F-63F0-420B-BC0D-6C86AF44F111}.Release|x64.Build.0 = Release|Any CPU
		{2432907F-63F0-420B-BC0D-6C86AF44F111}.Release|x86.ActiveCfg = Release|Any CPU
		{2432907F-63F0-420B-BC0D-6C86AF44F111}.Release|x86.Build.0 = Release|Any CPU
		{21D8B6A7-60C3-496E-ACFD-ADDFDE9CECD9}.Debug|Any CPU.ActiveCfg = Debug|x86
		{21D8B6A7-60C3-496E-ACFD-ADDFDE9CECD9}.Debug|Any CPU.Build.0 = Debug|x86
		{21D8B6A7-60C3-496E-ACFD-ADDFDE9CECD9}.Debug|x64.ActiveCfg = Debug|x64
		{21D8B6A7-60C3-496E-ACFD-ADDFDE9CECD9}.Debug|x64.Build.0 = Debug|x64
		{21D8B6A7-60C3-496E-ACFD-ADDFDE9CECD9}.Debug|x86.ActiveCfg = Debug|x86
		{21D8B6A7-60C3-496E-ACFD-ADDFDE9CECD9}.Debug|x86.Build.0 = Debug|x86
		{21D8B6A7-60C3-496E-ACFD-ADDFDE9CECD9}.Release|Any CPU.ActiveCfg = Release|x86
		{21D8B6A7-60C3-496E-ACFD-ADDFDE9CECD9}.Release|Any CPU.Build.0 = Release|x86
		{21D8B6A7-60C3-496E-ACFD-ADDFDE9CECD9}.Release|x64.ActiveCfg = Release|x64
		{21D8B6A7-60C3-496E-ACFD-ADDFDE9CECD9}.Release|x64.Build.0 = Release|x64
		{21D8B6A7-60C3-496E-ACFD-ADDFDE9CECD9}.Release|x86.ActiveCfg = Release|x86
		{21D8B6A7-60C3-496E-ACFD-ADDFDE9CECD9}.Release|x86.Build.0 = Release|x86
		{11ACEADB-C30D-4655-964C-EFE432287850}.Debug|Any CPU.ActiveCfg = Debug|Any CPU
		{11ACEADB-C30D-4655-964C-EFE432287850}.Debug|Any CPU.Build.0 = Debug|Any CPU
		{11ACEADB-C30D-4655-964C-EFE432287850}.Debug|x64.ActiveCfg = Debug|Any CPU
		{11ACEADB-C30D-4655-964C-EFE432287850}.Debug|x64.Build.0 = Debug|Any CPU
		{11ACEADB-C30D-4655-964C-EFE432287850}.Debug|x86.ActiveCfg = Debug|Any CPU
		{11ACEADB-C30D-4655-964C-EFE432287850}.Debug|x86.Build.0 = Debug|Any CPU
		{11ACEADB-C30D-4655-964C-EFE432287850}.Release|Any CPU.ActiveCfg = Release|Any CPU
		{11ACEADB-C30D-4655-964C-EFE432287850}.Release|Any CPU.Build.0 = Release|Any CPU
		{11ACEADB-C30D-4655-964C-EFE432287850}.Release|x64.ActiveCfg = Release|Any CPU
		{11ACEADB-C30D-4655-964C-EFE432287850}.Release|x64.Build.0 = Release|Any CPU
		{11ACEADB-C30D-4655-964C-EFE432287850}.Release|x86.ActiveCfg = Release|Any CPU
		{11ACEADB-C30D-4655-964C-EFE432287850}.Release|x86.Build.0 = Release|Any CPU
		{A772456C-2C70-4DAF-B508-CA32581367F9}.Debug|Any CPU.ActiveCfg = Debug|Any CPU
		{A772456C-2C70-4DAF-B508-CA32581367F9}.Debug|Any CPU.Build.0 = Debug|Any CPU
		{A772456C-2C70-4DAF-B508-CA32581367F9}.Debug|x64.ActiveCfg = Debug|Any CPU
		{A772456C-2C70-4DAF-B508-CA32581367F9}.Debug|x64.Build.0 = Debug|Any CPU
		{A772456C-2C70-4DAF-B508-CA32581367F9}.Debug|x86.ActiveCfg = Debug|Any CPU
		{A772456C-2C70-4DAF-B508-CA32581367F9}.Debug|x86.Build.0 = Debug|Any CPU
		{A772456C-2C70-4DAF-B508-CA32581367F9}.Release|Any CPU.ActiveCfg = Release|Any CPU
		{A772456C-2C70-4DAF-B508-CA32581367F9}.Release|Any CPU.Build.0 = Release|Any CPU
		{A772456C-2C70-4DAF-B508-CA32581367F9}.Release|x64.ActiveCfg = Release|Any CPU
		{A772456C-2C70-4DAF-B508-CA32581367F9}.Release|x64.Build.0 = Release|Any CPU
		{A772456C-2C70-4DAF-B508-CA32581367F9}.Release|x86.ActiveCfg = Release|Any CPU
		{A772456C-2C70-4DAF-B508-CA32581367F9}.Release|x86.Build.0 = Release|Any CPU
		{D3702E68-AC68-4769-AA78-EF61333100E7}.Debug|Any CPU.ActiveCfg = Debug|Any CPU
		{D3702E68-AC68-4769-AA78-EF61333100E7}.Debug|Any CPU.Build.0 = Debug|Any CPU
		{D3702E68-AC68-4769-AA78-EF61333100E7}.Debug|x64.ActiveCfg = Debug|Any CPU
		{D3702E68-AC68-4769-AA78-EF61333100E7}.Debug|x64.Build.0 = Debug|Any CPU
		{D3702E68-AC68-4769-AA78-EF61333100E7}.Debug|x86.ActiveCfg = Debug|Any CPU
		{D3702E68-AC68-4769-AA78-EF61333100E7}.Debug|x86.Build.0 = Debug|Any CPU
		{D3702E68-AC68-4769-AA78-EF61333100E7}.Release|Any CPU.ActiveCfg = Release|Any CPU
		{D3702E68-AC68-4769-AA78-EF61333100E7}.Release|Any CPU.Build.0 = Release|Any CPU
		{D3702E68-AC68-4769-AA78-EF61333100E7}.Release|x64.ActiveCfg = Release|Any CPU
		{D3702E68-AC68-4769-AA78-EF61333100E7}.Release|x64.Build.0 = Release|Any CPU
		{D3702E68-AC68-4769-AA78-EF61333100E7}.Release|x86.ActiveCfg = Release|Any CPU
		{D3702E68-AC68-4769-AA78-EF61333100E7}.Release|x86.Build.0 = Release|Any CPU
		{74A5346F-294A-42EA-B850-3F5FA1AE0290}.Debug|Any CPU.ActiveCfg = Debug|Any CPU
		{74A5346F-294A-42EA-B850-3F5FA1AE0290}.Debug|Any CPU.Build.0 = Debug|Any CPU
		{74A5346F-294A-42EA-B850-3F5FA1AE0290}.Debug|x64.ActiveCfg = Debug|Any CPU
		{74A5346F-294A-42EA-B850-3F5FA1AE0290}.Debug|x64.Build.0 = Debug|Any CPU
		{74A5346F-294A-42EA-B850-3F5FA1AE0290}.Debug|x86.ActiveCfg = Debug|Any CPU
		{74A5346F-294A-42EA-B850-3F5FA1AE0290}.Debug|x86.Build.0 = Debug|Any CPU
		{74A5346F-294A-42EA-B850-3F5FA1AE0290}.Release|Any CPU.ActiveCfg = Release|Any CPU
		{74A5346F-294A-42EA-B850-3F5FA1AE0290}.Release|Any CPU.Build.0 = Release|Any CPU
		{74A5346F-294A-42EA-B850-3F5FA1AE0290}.Release|x64.ActiveCfg = Release|Any CPU
		{74A5346F-294A-42EA-B850-3F5FA1AE0290}.Release|x64.Build.0 = Release|Any CPU
		{74A5346F-294A-42EA-B850-3F5FA1AE0290}.Release|x86.ActiveCfg = Release|Any CPU
		{74A5346F-294A-42EA-B850-3F5FA1AE0290}.Release|x86.Build.0 = Release|Any CPU
		{F4AAA4EA-34DC-430F-8DF7-24C89C2F3DE2}.Debug|Any CPU.ActiveCfg = Debug|Any CPU
		{F4AAA4EA-34DC-430F-8DF7-24C89C2F3DE2}.Debug|Any CPU.Build.0 = Debug|Any CPU
		{F4AAA4EA-34DC-430F-8DF7-24C89C2F3DE2}.Debug|x64.ActiveCfg = Debug|Any CPU
		{F4AAA4EA-34DC-430F-8DF7-24C89C2F3DE2}.Debug|x64.Build.0 = Debug|Any CPU
		{F4AAA4EA-34DC-430F-8DF7-24C89C2F3DE2}.Debug|x86.ActiveCfg = Debug|Any CPU
		{F4AAA4EA-34DC-430F-8DF7-24C89C2F3DE2}.Debug|x86.Build.0 = Debug|Any CPU
		{F4AAA4EA-34DC-430F-8DF7-24C89C2F3DE2}.Release|Any CPU.ActiveCfg = Release|Any CPU
		{F4AAA4EA-34DC-430F-8DF7-24C89C2F3DE2}.Release|Any CPU.Build.0 = Release|Any CPU
		{F4AAA4EA-34DC-430F-8DF7-24C89C2F3DE2}.Release|x64.ActiveCfg = Release|Any CPU
		{F4AAA4EA-34DC-430F-8DF7-24C89C2F3DE2}.Release|x64.Build.0 = Release|Any CPU
		{F4AAA4EA-34DC-430F-8DF7-24C89C2F3DE2}.Release|x86.ActiveCfg = Release|Any CPU
		{F4AAA4EA-34DC-430F-8DF7-24C89C2F3DE2}.Release|x86.Build.0 = Release|Any CPU
		{DF3A4BBA-548D-4C5B-8F3C-A3C5C0D9B09A}.Debug|Any CPU.ActiveCfg = Debug|Any CPU
		{DF3A4BBA-548D-4C5B-8F3C-A3C5C0D9B09A}.Debug|Any CPU.Build.0 = Debug|Any CPU
		{DF3A4BBA-548D-4C5B-8F3C-A3C5C0D9B09A}.Debug|x64.ActiveCfg = Debug|Any CPU
		{DF3A4BBA-548D-4C5B-8F3C-A3C5C0D9B09A}.Debug|x64.Build.0 = Debug|Any CPU
		{DF3A4BBA-548D-4C5B-8F3C-A3C5C0D9B09A}.Debug|x86.ActiveCfg = Debug|Any CPU
		{DF3A4BBA-548D-4C5B-8F3C-A3C5C0D9B09A}.Debug|x86.Build.0 = Debug|Any CPU
		{DF3A4BBA-548D-4C5B-8F3C-A3C5C0D9B09A}.Release|Any CPU.ActiveCfg = Release|Any CPU
		{DF3A4BBA-548D-4C5B-8F3C-A3C5C0D9B09A}.Release|Any CPU.Build.0 = Release|Any CPU
		{DF3A4BBA-548D-4C5B-8F3C-A3C5C0D9B09A}.Release|x64.ActiveCfg = Release|Any CPU
		{DF3A4BBA-548D-4C5B-8F3C-A3C5C0D9B09A}.Release|x64.Build.0 = Release|Any CPU
		{DF3A4BBA-548D-4C5B-8F3C-A3C5C0D9B09A}.Release|x86.ActiveCfg = Release|Any CPU
		{DF3A4BBA-548D-4C5B-8F3C-A3C5C0D9B09A}.Release|x86.Build.0 = Release|Any CPU
		{23CC8F62-D194-4E74-9A5E-63D5E369B0BC}.Debug|Any CPU.ActiveCfg = Debug|x86
		{23CC8F62-D194-4E74-9A5E-63D5E369B0BC}.Debug|Any CPU.Build.0 = Debug|x86
		{23CC8F62-D194-4E74-9A5E-63D5E369B0BC}.Debug|x64.ActiveCfg = Debug|x64
		{23CC8F62-D194-4E74-9A5E-63D5E369B0BC}.Debug|x64.Build.0 = Debug|x64
		{23CC8F62-D194-4E74-9A5E-63D5E369B0BC}.Debug|x86.ActiveCfg = Debug|x86
		{23CC8F62-D194-4E74-9A5E-63D5E369B0BC}.Debug|x86.Build.0 = Debug|x86
		{23CC8F62-D194-4E74-9A5E-63D5E369B0BC}.Release|Any CPU.ActiveCfg = Release|x86
		{23CC8F62-D194-4E74-9A5E-63D5E369B0BC}.Release|Any CPU.Build.0 = Release|x86
		{23CC8F62-D194-4E74-9A5E-63D5E369B0BC}.Release|x64.ActiveCfg = Release|x64
		{23CC8F62-D194-4E74-9A5E-63D5E369B0BC}.Release|x64.Build.0 = Release|x64
		{23CC8F62-D194-4E74-9A5E-63D5E369B0BC}.Release|x86.ActiveCfg = Release|x86
		{23CC8F62-D194-4E74-9A5E-63D5E369B0BC}.Release|x86.Build.0 = Release|x86
		{84DBA9A2-8072-4C86-8ADF-7125A0F69E0D}.Debug|Any CPU.ActiveCfg = Debug|Any CPU
		{84DBA9A2-8072-4C86-8ADF-7125A0F69E0D}.Debug|Any CPU.Build.0 = Debug|Any CPU
		{84DBA9A2-8072-4C86-8ADF-7125A0F69E0D}.Debug|x64.ActiveCfg = Debug|Any CPU
		{84DBA9A2-8072-4C86-8ADF-7125A0F69E0D}.Debug|x64.Build.0 = Debug|Any CPU
		{84DBA9A2-8072-4C86-8ADF-7125A0F69E0D}.Debug|x86.ActiveCfg = Debug|Any CPU
		{84DBA9A2-8072-4C86-8ADF-7125A0F69E0D}.Debug|x86.Build.0 = Debug|Any CPU
		{84DBA9A2-8072-4C86-8ADF-7125A0F69E0D}.Release|Any CPU.ActiveCfg = Release|Any CPU
		{84DBA9A2-8072-4C86-8ADF-7125A0F69E0D}.Release|Any CPU.Build.0 = Release|Any CPU
		{84DBA9A2-8072-4C86-8ADF-7125A0F69E0D}.Release|x64.ActiveCfg = Release|Any CPU
		{84DBA9A2-8072-4C86-8ADF-7125A0F69E0D}.Release|x64.Build.0 = Release|Any CPU
		{84DBA9A2-8072-4C86-8ADF-7125A0F69E0D}.Release|x86.ActiveCfg = Release|Any CPU
		{84DBA9A2-8072-4C86-8ADF-7125A0F69E0D}.Release|x86.Build.0 = Release|Any CPU
		{F4C34EEE-FCD0-4E2D-B609-B3B0815B5CB7}.Debug|Any CPU.ActiveCfg = Debug|Any CPU
		{F4C34EEE-FCD0-4E2D-B609-B3B0815B5CB7}.Debug|Any CPU.Build.0 = Debug|Any CPU
		{F4C34EEE-FCD0-4E2D-B609-B3B0815B5CB7}.Debug|x64.ActiveCfg = Debug|Any CPU
		{F4C34EEE-FCD0-4E2D-B609-B3B0815B5CB7}.Debug|x64.Build.0 = Debug|Any CPU
		{F4C34EEE-FCD0-4E2D-B609-B3B0815B5CB7}.Debug|x86.ActiveCfg = Debug|Any CPU
		{F4C34EEE-FCD0-4E2D-B609-B3B0815B5CB7}.Debug|x86.Build.0 = Debug|Any CPU
		{F4C34EEE-FCD0-4E2D-B609-B3B0815B5CB7}.Release|Any CPU.ActiveCfg = Release|Any CPU
		{F4C34EEE-FCD0-4E2D-B609-B3B0815B5CB7}.Release|Any CPU.Build.0 = Release|Any CPU
		{F4C34EEE-FCD0-4E2D-B609-B3B0815B5CB7}.Release|x64.ActiveCfg = Release|Any CPU
		{F4C34EEE-FCD0-4E2D-B609-B3B0815B5CB7}.Release|x64.Build.0 = Release|Any CPU
		{F4C34EEE-FCD0-4E2D-B609-B3B0815B5CB7}.Release|x86.ActiveCfg = Release|Any CPU
		{F4C34EEE-FCD0-4E2D-B609-B3B0815B5CB7}.Release|x86.Build.0 = Release|Any CPU
		{37E9140A-30C4-460D-AC9B-8E8B5432B21D}.Debug|Any CPU.ActiveCfg = Debug|Any CPU
		{37E9140A-30C4-460D-AC9B-8E8B5432B21D}.Debug|Any CPU.Build.0 = Debug|Any CPU
		{37E9140A-30C4-460D-AC9B-8E8B5432B21D}.Debug|x64.ActiveCfg = Debug|Any CPU
		{37E9140A-30C4-460D-AC9B-8E8B5432B21D}.Debug|x64.Build.0 = Debug|Any CPU
		{37E9140A-30C4-460D-AC9B-8E8B5432B21D}.Debug|x86.ActiveCfg = Debug|Any CPU
		{37E9140A-30C4-460D-AC9B-8E8B5432B21D}.Debug|x86.Build.0 = Debug|Any CPU
		{37E9140A-30C4-460D-AC9B-8E8B5432B21D}.Release|Any CPU.ActiveCfg = Release|Any CPU
		{37E9140A-30C4-460D-AC9B-8E8B5432B21D}.Release|Any CPU.Build.0 = Release|Any CPU
		{37E9140A-30C4-460D-AC9B-8E8B5432B21D}.Release|x64.ActiveCfg = Release|Any CPU
		{37E9140A-30C4-460D-AC9B-8E8B5432B21D}.Release|x64.Build.0 = Release|Any CPU
		{37E9140A-30C4-460D-AC9B-8E8B5432B21D}.Release|x86.ActiveCfg = Release|Any CPU
		{37E9140A-30C4-460D-AC9B-8E8B5432B21D}.Release|x86.Build.0 = Release|Any CPU
		{6F2E7F11-B778-4362-8F37-DD9F4EC80B71}.Debug|Any CPU.ActiveCfg = Debug|Any CPU
		{6F2E7F11-B778-4362-8F37-DD9F4EC80B71}.Debug|Any CPU.Build.0 = Debug|Any CPU
		{6F2E7F11-B778-4362-8F37-DD9F4EC80B71}.Debug|x64.ActiveCfg = Debug|Any CPU
		{6F2E7F11-B778-4362-8F37-DD9F4EC80B71}.Debug|x64.Build.0 = Debug|Any CPU
		{6F2E7F11-B778-4362-8F37-DD9F4EC80B71}.Debug|x86.ActiveCfg = Debug|Any CPU
		{6F2E7F11-B778-4362-8F37-DD9F4EC80B71}.Debug|x86.Build.0 = Debug|Any CPU
		{6F2E7F11-B778-4362-8F37-DD9F4EC80B71}.Release|Any CPU.ActiveCfg = Release|Any CPU
		{6F2E7F11-B778-4362-8F37-DD9F4EC80B71}.Release|Any CPU.Build.0 = Release|Any CPU
		{6F2E7F11-B778-4362-8F37-DD9F4EC80B71}.Release|x64.ActiveCfg = Release|Any CPU
		{6F2E7F11-B778-4362-8F37-DD9F4EC80B71}.Release|x64.Build.0 = Release|Any CPU
		{6F2E7F11-B778-4362-8F37-DD9F4EC80B71}.Release|x86.ActiveCfg = Release|Any CPU
		{6F2E7F11-B778-4362-8F37-DD9F4EC80B71}.Release|x86.Build.0 = Release|Any CPU
		{B3FF0F2B-043C-4BEC-86F4-BDEB9B297D86}.Debug|Any CPU.ActiveCfg = Debug|Any CPU
		{B3FF0F2B-043C-4BEC-86F4-BDEB9B297D86}.Debug|Any CPU.Build.0 = Debug|Any CPU
		{B3FF0F2B-043C-4BEC-86F4-BDEB9B297D86}.Debug|x64.ActiveCfg = Debug|Any CPU
		{B3FF0F2B-043C-4BEC-86F4-BDEB9B297D86}.Debug|x64.Build.0 = Debug|Any CPU
		{B3FF0F2B-043C-4BEC-86F4-BDEB9B297D86}.Debug|x86.ActiveCfg = Debug|Any CPU
		{B3FF0F2B-043C-4BEC-86F4-BDEB9B297D86}.Debug|x86.Build.0 = Debug|Any CPU
		{B3FF0F2B-043C-4BEC-86F4-BDEB9B297D86}.Release|Any CPU.ActiveCfg = Release|Any CPU
		{B3FF0F2B-043C-4BEC-86F4-BDEB9B297D86}.Release|Any CPU.Build.0 = Release|Any CPU
		{B3FF0F2B-043C-4BEC-86F4-BDEB9B297D86}.Release|x64.ActiveCfg = Release|Any CPU
		{B3FF0F2B-043C-4BEC-86F4-BDEB9B297D86}.Release|x64.Build.0 = Release|Any CPU
		{B3FF0F2B-043C-4BEC-86F4-BDEB9B297D86}.Release|x86.ActiveCfg = Release|Any CPU
		{B3FF0F2B-043C-4BEC-86F4-BDEB9B297D86}.Release|x86.Build.0 = Release|Any CPU
		{6770FB80-A516-4B12-8128-160067F59673}.Debug|Any CPU.ActiveCfg = Debug|Any CPU
		{6770FB80-A516-4B12-8128-160067F59673}.Debug|Any CPU.Build.0 = Debug|Any CPU
		{6770FB80-A516-4B12-8128-160067F59673}.Debug|x64.ActiveCfg = Debug|Any CPU
		{6770FB80-A516-4B12-8128-160067F59673}.Debug|x64.Build.0 = Debug|Any CPU
		{6770FB80-A516-4B12-8128-160067F59673}.Debug|x86.ActiveCfg = Debug|Any CPU
		{6770FB80-A516-4B12-8128-160067F59673}.Debug|x86.Build.0 = Debug|Any CPU
		{6770FB80-A516-4B12-8128-160067F59673}.Release|Any CPU.ActiveCfg = Release|Any CPU
		{6770FB80-A516-4B12-8128-160067F59673}.Release|Any CPU.Build.0 = Release|Any CPU
		{6770FB80-A516-4B12-8128-160067F59673}.Release|x64.ActiveCfg = Release|Any CPU
		{6770FB80-A516-4B12-8128-160067F59673}.Release|x64.Build.0 = Release|Any CPU
		{6770FB80-A516-4B12-8128-160067F59673}.Release|x86.ActiveCfg = Release|Any CPU
		{6770FB80-A516-4B12-8128-160067F59673}.Release|x86.Build.0 = Release|Any CPU
	EndGlobalSection
	GlobalSection(SolutionProperties) = preSolution
		HideSolutionNode = FALSE
	EndGlobalSection
	GlobalSection(NestedProjects) = preSolution
		{E4837CE8-2C4A-4FA7-B5AC-B91A0EAB15BC} = {B2554A86-B2FF-459A-B6C8-F7D4E667B546}
		{13882757-52E3-42ED-BBA6-ABC43C1AA6F3} = {B2554A86-B2FF-459A-B6C8-F7D4E667B546}
		{F0F7BDFA-541D-4A7F-ACB8-79DBFBC3AE9B} = {F996E081-8638-4203-A787-817B7802559F}
		{B17D1427-2469-487D-832F-A7AB6E527EF7} = {B2554A86-B2FF-459A-B6C8-F7D4E667B546}
		{9BBBC2AA-CA84-497F-A8CF-F5F0F91A219F} = {F996E081-8638-4203-A787-817B7802559F}
		{B28DA6AE-A4C1-45EF-8A61-82747F412C16} = {B2554A86-B2FF-459A-B6C8-F7D4E667B546}
		{47E0F4BF-FF36-4E6A-85B4-74654B5A2EA1} = {F996E081-8638-4203-A787-817B7802559F}
		{7A223057-E977-4B0B-94E3-AD47F908629F} = {2D39B0EE-5826-4E10-BDEF-73BCBB3C2804}
		{2432907F-63F0-420B-BC0D-6C86AF44F111} = {F5850592-3562-4736-8CC9-0C18D62FA610}
		{21D8B6A7-60C3-496E-ACFD-ADDFDE9CECD9} = {2D39B0EE-5826-4E10-BDEF-73BCBB3C2804}
		{11ACEADB-C30D-4655-964C-EFE432287850} = {F5850592-3562-4736-8CC9-0C18D62FA610}
		{A772456C-2C70-4DAF-B508-CA32581367F9} = {2D39B0EE-5826-4E10-BDEF-73BCBB3C2804}
		{D3702E68-AC68-4769-AA78-EF61333100E7} = {2D39B0EE-5826-4E10-BDEF-73BCBB3C2804}
		{74A5346F-294A-42EA-B850-3F5FA1AE0290} = {F5850592-3562-4736-8CC9-0C18D62FA610}
		{F4AAA4EA-34DC-430F-8DF7-24C89C2F3DE2} = {2D39B0EE-5826-4E10-BDEF-73BCBB3C2804}
		{DF3A4BBA-548D-4C5B-8F3C-A3C5C0D9B09A} = {2D39B0EE-5826-4E10-BDEF-73BCBB3C2804}
		{23CC8F62-D194-4E74-9A5E-63D5E369B0BC} = {2D39B0EE-5826-4E10-BDEF-73BCBB3C2804}
		{F996E081-8638-4203-A787-817B7802559F} = {79C90AB0-753E-4077-884F-5469AB882745}
		{B2554A86-B2FF-459A-B6C8-F7D4E667B546} = {79C90AB0-753E-4077-884F-5469AB882745}
		{84DBA9A2-8072-4C86-8ADF-7125A0F69E0D} = {2D39B0EE-5826-4E10-BDEF-73BCBB3C2804}
		{F4C34EEE-FCD0-4E2D-B609-B3B0815B5CB7} = {B2554A86-B2FF-459A-B6C8-F7D4E667B546}
		{37E9140A-30C4-460D-AC9B-8E8B5432B21D} = {F996E081-8638-4203-A787-817B7802559F}
		{6F2E7F11-B778-4362-8F37-DD9F4EC80B71} = {B2554A86-B2FF-459A-B6C8-F7D4E667B546}
		{B3FF0F2B-043C-4BEC-86F4-BDEB9B297D86} = {F996E081-8638-4203-A787-817B7802559F}
		{6770FB80-A516-4B12-8128-160067F59673} = {F996E081-8638-4203-A787-817B7802559F}
	EndGlobalSection
	GlobalSection(ExtensibilityGlobals) = postSolution
		SolutionGuid = {FFEE919D-5043-4EB8-B372-06E0408305E9}
	EndGlobalSection
EndGlobal
